{
    "_meta": {
        "hash": {
            "sha256": "6f74071211109810627c166652592fbe3b2ff6fa1dbf93a2170f8fe7effb756f"
        },
        "pipfile-spec": 6,
        "requires": {
            "python_version": "3.12"
        },
        "sources": [
            {
                "name": "pypi",
                "url": "https://pypi.org/simple",
                "verify_ssl": true
            }
        ]
    },
    "default": {
        "bcrypt": {
            "hashes": [
                "sha256:096a15d26ed6ce37a14c1ac1e48119660f21b24cba457f160a4b830f3fe6b5cb",
                "sha256:0da52759f7f30e83f1e30a888d9163a81353ef224d82dc58eb5bb52efcabc399",
                "sha256:1bb429fedbe0249465cdd85a58e8376f31bb315e484f16e68ca4c786dcc04291",
                "sha256:1d84cf6d877918620b687b8fd1bf7781d11e8a0998f576c7aa939776b512b98d",
                "sha256:1ee38e858bf5d0287c39b7a1fc59eec64bbf880c7d504d3a06a96c16e14058e7",
                "sha256:1ff39b78a52cf03fdf902635e4c81e544714861ba3f0efc56558979dd4f09170",
                "sha256:27fe0f57bb5573104b5a6de5e4153c60814c711b29364c10a75a54bb6d7ff48d",
                "sha256:3413bd60460f76097ee2e0a493ccebe4a7601918219c02f503984f0a7ee0aebe",
                "sha256:3698393a1b1f1fd5714524193849d0c6d524d33523acca37cd28f02899285060",
                "sha256:373db9abe198e8e2c70d12b479464e0d5092cc122b20ec504097b5f2297ed184",
                "sha256:39e1d30c7233cfc54f5c3f2c825156fe044efdd3e0b9d309512cc514a263ec2a",
                "sha256:3bbbfb2734f0e4f37c5136130405332640a1e46e6b23e000eeff2ba8d005da68",
                "sha256:3d3a6d28cb2305b43feac298774b997e372e56c7c7afd90a12b3dc49b189151c",
                "sha256:5a1e8aa9b28ae28020a3ac4b053117fb51c57a010b9f969603ed885f23841458",
                "sha256:61ed14326ee023917ecd093ee6ef422a72f3aec6f07e21ea5f10622b735538a9",
                "sha256:655ea221910bcac76ea08aaa76df427ef8625f92e55a8ee44fbf7753dbabb328",
                "sha256:762a2c5fb35f89606a9fde5e51392dad0cd1ab7ae64149a8b935fe8d79dd5ed7",
                "sha256:77800b7147c9dc905db1cba26abe31e504d8247ac73580b4aa179f98e6608f34",
                "sha256:8ac68872c82f1add6a20bd489870c71b00ebacd2e9134a8aa3f98a0052ab4b0e",
                "sha256:8d7bb9c42801035e61c109c345a28ed7e84426ae4865511eb82e913df18f58c2",
                "sha256:8f6ede91359e5df88d1f5c1ef47428a4420136f3ce97763e31b86dd8280fbdf5",
                "sha256:9c1c4ad86351339c5f320ca372dfba6cb6beb25e8efc659bedd918d921956bae",
                "sha256:c02d944ca89d9b1922ceb8a46460dd17df1ba37ab66feac4870f6862a1533c00",
                "sha256:c52aac18ea1f4a4f65963ea4f9530c306b56ccd0c6f8c8da0c06976e34a6e841",
                "sha256:cb2a8ec2bc07d3553ccebf0746bbf3d19426d1c6d1adbd4fa48925f66af7b9e8",
                "sha256:cf69eaf5185fd58f268f805b505ce31f9b9fc2d64b376642164e9244540c1221",
                "sha256:f4f4acf526fcd1c34e7ce851147deedd4e26e6402369304220250598b26448db"
            ],
            "markers": "python_version >= '3.7'",
            "version": "==4.2.0"
        },
        "cffi": {
            "hashes": [
                "sha256:045d61c734659cc045141be4bae381a41d89b741f795af1dd018bfb532fd0df8",
                "sha256:0984a4925a435b1da406122d4d7968dd861c1385afe3b45ba82b750f229811e2",
                "sha256:0e2b1fac190ae3ebfe37b979cc1ce69c81f4e4fe5746bb401dca63a9062cdaf1",
                "sha256:0f048dcf80db46f0098ccac01132761580d28e28bc0f78ae0d58048063317e15",
                "sha256:1257bdabf294dceb59f5e70c64a3e2f462c30c7ad68092d01bbbfb1c16b1ba36",
                "sha256:1c39c6016c32bc48dd54561950ebd6836e1670f2ae46128f67cf49e789c52824",
                "sha256:1d599671f396c4723d016dbddb72fe8e0397082b0a77a4fab8028923bec050e8",
                "sha256:28b16024becceed8c6dfbc75629e27788d8a3f9030691a1dbf9821a128b22c36",
                "sha256:2bb1a08b8008b281856e5971307cc386a8e9c5b625ac297e853d36da6efe9c17",
                "sha256:30c5e0cb5ae493c04c8b42916e52ca38079f1b235c2f8ae5f4527b963c401caf",
                "sha256:31000ec67d4221a71bd3f67df918b1f88f676f1c3b535a7eb473255fdc0b83fc",
                "sha256:386c8bf53c502fff58903061338ce4f4950cbdcb23e2902d86c0f722b786bbe3",
                "sha256:3edc8d958eb099c634dace3c7e16560ae474aa3803a5df240542b305d14e14ed",
                "sha256:45398b671ac6d70e67da8e4224a065cec6a93541bb7aebe1b198a61b58c7b702",
                "sha256:46bf43160c1a35f7ec506d254e5c890f3c03648a4dbac12d624e4490a7046cd1",
                "sha256:4ceb10419a9adf4460ea14cfd6bc43d08701f0835e979bf821052f1805850fe8",
                "sha256:51392eae71afec0d0c8fb1a53b204dbb3bcabcb3c9b807eedf3e1e6ccf2de903",
                "sha256:5da5719280082ac6bd9aa7becb3938dc9f9cbd57fac7d2871717b1feb0902ab6",
                "sha256:610faea79c43e44c71e1ec53a554553fa22321b65fae24889706c0a84d4ad86d",
                "sha256:636062ea65bd0195bc012fea9321aca499c0504409f413dc88af450b57ffd03b",
                "sha256:6883e737d7d9e4899a8a695e00ec36bd4e5e4f18fabe0aca0efe0a4b44cdb13e",
                "sha256:6b8b4a92e1c65048ff98cfe1f735ef8f1ceb72e3d5f0c25fdb12087a23da22be",
                "sha256:6f17be4345073b0a7b8ea599688f692ac3ef23ce28e5df79c04de519dbc4912c",
                "sha256:706510fe141c86a69c8ddc029c7910003a17353970cff3b904ff0686a5927683",
                "sha256:72e72408cad3d5419375fc87d289076ee319835bdfa2caad331e377589aebba9",
                "sha256:733e99bc2df47476e3848417c5a4540522f234dfd4ef3ab7fafdf555b082ec0c",
                "sha256:7596d6620d3fa590f677e9ee430df2958d2d6d6de2feeae5b20e82c00b76fbf8",
                "sha256:78122be759c3f8a014ce010908ae03364d00a1f81ab5c7f4a7a5120607ea56e1",
                "sha256:805b4371bf7197c329fcb3ead37e710d1bca9da5d583f5073b799d5c5bd1eee4",
                "sha256:85a950a4ac9c359340d5963966e3e0a94a676bd6245a4b55bc43949eee26a655",
                "sha256:8f2cdc858323644ab277e9bb925ad72ae0e67f69e804f4898c070998d50b1a67",
                "sha256:9755e4345d1ec879e3849e62222a18c7174d65a6a92d5b346b1863912168b595",
                "sha256:98e3969bcff97cae1b2def8ba499ea3d6f31ddfdb7635374834cf89a1a08ecf0",
                "sha256:a08d7e755f8ed21095a310a693525137cfe756ce62d066e53f502a83dc550f65",
                "sha256:a1ed2dd2972641495a3ec98445e09766f077aee98a1c896dcb4ad0d303628e41",
                "sha256:a24ed04c8ffd54b0729c07cee15a81d964e6fee0e3d4d342a27b020d22959dc6",
                "sha256:a45e3c6913c5b87b3ff120dcdc03f6131fa0065027d0ed7ee6190736a74cd401",
                "sha256:a9b15d491f3ad5d692e11f6b71f7857e7835eb677955c00cc0aefcd0669adaf6",
                "sha256:ad9413ccdeda48c5afdae7e4fa2192157e991ff761e7ab8fdd8926f40b160cc3",
                "sha256:b2ab587605f4ba0bf81dc0cb08a41bd1c0a5906bd59243d56bad7668a6fc6c16",
                "sha256:b62ce867176a75d03a665bad002af8e6d54644fad99a3c70905c543130e39d93",
                "sha256:c03e868a0b3bc35839ba98e74211ed2b05d2119be4e8a0f224fba9384f1fe02e",
                "sha256:c59d6e989d07460165cc5ad3c61f9fd8f1b4796eacbd81cee78957842b834af4",
                "sha256:c7eac2ef9b63c79431bc4b25f1cd649d7f061a28808cbc6c47b534bd789ef964",
                "sha256:c9c3d058ebabb74db66e431095118094d06abf53284d9c81f27300d0e0d8bc7c",
                "sha256:ca74b8dbe6e8e8263c0ffd60277de77dcee6c837a3d0881d8c1ead7268c9e576",
                "sha256:caaf0640ef5f5517f49bc275eca1406b0ffa6aa184892812030f04c2abf589a0",
                "sha256:cdf5ce3acdfd1661132f2a9c19cac174758dc2352bfe37d98aa7512c6b7178b3",
                "sha256:d016c76bdd850f3c626af19b0542c9677ba156e4ee4fccfdd7848803533ef662",
                "sha256:d01b12eeeb4427d3110de311e1774046ad344f5b1a7403101878976ecd7a10f3",
                "sha256:d63afe322132c194cf832bfec0dc69a99fb9bb6bbd550f161a49e9e855cc78ff",
                "sha256:da95af8214998d77a98cc14e3a3bd00aa191526343078b530ceb0bd710fb48a5",
                "sha256:dd398dbc6773384a17fe0d3e7eeb8d1a21c2200473ee6806bb5e6a8e62bb73dd",
                "sha256:de2ea4b5833625383e464549fec1bc395c1bdeeb5f25c4a3a82b5a8c756ec22f",
                "sha256:de55b766c7aa2e2a3092c51e0483d700341182f08e67c63630d5b6f200bb28e5",
                "sha256:df8b1c11f177bc2313ec4b2d46baec87a5f3e71fc8b45dab2ee7cae86d9aba14",
                "sha256:e03eab0a8677fa80d646b5ddece1cbeaf556c313dcfac435ba11f107ba117b5d",
                "sha256:e221cf152cff04059d011ee126477f0d9588303eb57e88923578ace7baad17f9",
                "sha256:e31ae45bc2e29f6b2abd0de1cc3b9d5205aa847cafaecb8af1476a609a2f6eb7",
                "sha256:edae79245293e15384b51f88b00613ba9f7198016a5948b5dddf4917d4d26382",
                "sha256:f1e22e8c4419538cb197e4dd60acc919d7696e5ef98ee4da4e01d3f8cfa4cc5a",
                "sha256:f3a2b4222ce6b60e2e8b337bb9596923045681d71e5a082783484d845390938e",
                "sha256:f6a16c31041f09ead72d69f583767292f750d24913dadacf5756b966aacb3f1a",
                "sha256:f75c7ab1f9e4aca5414ed4d8e5c0e303a34f4421f8a0d47a4d019ceff0ab6af4",
                "sha256:f79fc4fc25f1c8698ff97788206bb3c2598949bfe0fef03d299eb1b5356ada99",
                "sha256:f7f5baafcc48261359e14bcd6d9bff6d4b28d9103847c9e136694cb0501aef87",
                "sha256:fc48c783f9c87e60831201f2cce7f3b2e4846bf4d8728eabe54d60700b318a0b"
            ],
            "markers": "platform_python_implementation != 'PyPy'",
            "version": "==1.17.1"
        },
        "cmk-crypto": {
            "editable": true,
            "path": "."
        },
        "cryptography": {
            "hashes": [
                "sha256:014f58110f53237ace6a408b5beb6c427b64e084eb451ef25a28308270086494",
                "sha256:1bbcce1a551e262dfbafb6e6252f1ae36a248e615ca44ba302df077a846a8806",
                "sha256:203e92a75716d8cfb491dc47c79e17d0d9207ccffcbcb35f598fbe463ae3444d",
                "sha256:27e613d7077ac613e399270253259d9d53872aaf657471473ebfc9a52935c062",
                "sha256:2bd51274dcd59f09dd952afb696bf9c61a7a49dfc764c04dd33ef7a6b502a1e2",
                "sha256:38926c50cff6f533f8a2dae3d7f19541432610d114a70808f0926d5aaa7121e4",
                "sha256:511f4273808ab590912a93ddb4e3914dfd8a388fed883361b02dea3791f292e1",
                "sha256:58d4e9129985185a06d849aa6df265bdd5a74ca6e1b736a77959b498e0505b85",
                "sha256:5b43d1ea6b378b54a1dc99dd8a2b5be47658fe9a7ce0a58ff0b55f4b43ef2b84",
                "sha256:61ec41068b7b74268fa86e3e9e12b9f0c21fcf65434571dbb13d954bceb08042",
                "sha256:666ae11966643886c2987b3b721899d250855718d6d9ce41b521252a17985f4d",
                "sha256:68aaecc4178e90719e95298515979814bda0cbada1256a4485414860bd7ab962",
                "sha256:7c05650fe8023c5ed0d46793d4b7d7e6cd9c04e68eabe5b0aeea836e37bdcec2",
                "sha256:80eda8b3e173f0f247f711eef62be51b599b5d425c429b5d4ca6a05e9e856baa",
                "sha256:8385d98f6a3bf8bb2d65a73e17ed87a3ba84f6991c155691c51112075f9ffc5d",
                "sha256:88cce104c36870d70c49c7c8fd22885875d950d9ee6ab54df2745f83ba0dc365",
                "sha256:9d3cdb25fa98afdd3d0892d132b8d7139e2c087da1712041f6b762e4f807cc96",
                "sha256:a575913fb06e05e6b4b814d7f7468c2c660e8bb16d8d5a1faf9b33ccc569dd47",
                "sha256:ac119bb76b9faa00f48128b7f5679e1d8d437365c5d26f1c2c3f0da4ce1b553d",
                "sha256:c1332724be35d23a854994ff0b66530119500b6053d0bd3363265f7e5e77288d",
                "sha256:d03a475165f3134f773d1388aeb19c2d25ba88b6a9733c5c590b9ff7bbfa2e0c",
                "sha256:d75601ad10b059ec832e78823b348bfa1a59f6b8d545db3a24fd44362a1564cb",
                "sha256:de41fd81a41e53267cb020bb3a7212861da53a7d39f863585d13ea11049cf277",
                "sha256:e710bf40870f4db63c3d7d929aa9e09e4e7ee219e703f949ec4073b4294f6172",
                "sha256:ea25acb556320250756e53f9e20a4177515f012c9eaea17eb7587a8c4d8ae034",
                "sha256:f98bf604c82c416bc829e490c700ca1553eafdf2912a91e23a79d97d9801372a",
                "sha256:fba1007b3ef89946dbbb515aeeb41e30203b004f0b4b00e5e16078b518563289"
            ],
            "markers": "python_version >= '3.7'",
            "version": "==43.0.1"
        },
        "pycparser": {
            "hashes": [
                "sha256:491c8be9c040f5390f5bf44a5b07752bd07f56edf992381b05c701439eec10f6",
                "sha256:c3702b6d3dd8c7abc1afa565d7e63d53a1d0bd86cdc24edd75470f4de499cfcc"
            ],
            "markers": "python_version >= '3.8'",
            "version": "==2.22"
        },
        "python-dateutil": {
            "hashes": [
                "sha256:37dd54208da7e1cd875388217d5e00ebd4179249f90fb72437e91a35459a0ad3",
                "sha256:a8b2bc7bffae282281c8140a97d3aa9c14da0b136dfe83f850eea9a5f7470427"
            ],
            "markers": "python_version >= '2.7' and python_version not in '3.0, 3.1, 3.2, 3.3'",
            "version": "==2.9.0.post0"
        },
        "six": {
            "hashes": [
                "sha256:1e61c37477a1626458e36f7b1d82aa5c9b094fa4802892072e49de9c60c4c926",
                "sha256:8abb2f1d86890a2dfb989f9a77cfcfd3e47c2a354b01111771326f8aa26e0254"
            ],
            "markers": "python_version >= '2.7' and python_version not in '3.0, 3.1, 3.2, 3.3'",
            "version": "==1.16.0"
        },
        "time-machine": {
            "hashes": [
                "sha256:008bd668d933b1a029c81805bcdc0132390c2545b103cf8e6709e3adbc37989d",
                "sha256:014589d0edd4aa14f8d63985745565e8cbbe48461d6c004a96000b47f6b44e78",
                "sha256:0302568338c8bd333ed0698231dbb781b70ead1a5579b4ac734b9bf88313229f",
                "sha256:0630a32e9ebcf2fac3704365b31e271fef6eabd6fedfa404cd8dbd244f7fc84d",
                "sha256:09fd839a321a92aa8183206c383b9725eaf4e0a28a70e4cb87db292b352eeefb",
                "sha256:0b2d28daf4cabc698aafb12135525d87dc1f2f893cbd29a8a6fe0d8d36d1342c",
                "sha256:1168eebd7af7e6e3e2fd378c16ca917b97dd81c89a1f1f9e1daa985c81699d90",
                "sha256:18fc4740073e67071472c48355775ec6d1b93af5c675524b7de2474e0dcd8741",
                "sha256:1dee3a0dd1866988c49a5d00564404db9bcdf49ca92f9c4e8b6c99609d64e698",
                "sha256:245ef73f9927b7d4909d554a6a0284dbc5dee9730adea599e430b37c9e9fa203",
                "sha256:29b988b1f09f2a083b12b6b054787b799ae91ee15bb0e9de3e48f880e4d68674",
                "sha256:31af56399bf7c9ef76a3f7b6d9471dffa8f06ee373c194a374b69523f9061de9",
                "sha256:3862dda89bdb05f9d521b08fdcb24b19a7dd9f559ae324f4301ba7a07b6eea64",
                "sha256:3b177d334a35bf2ce103bfe4e0e416e4ee824dd33386ea73fa7491c17cc61897",
                "sha256:3f7eadd820e792de33a9ec91f8178a2b9088e4e8b9a166953419ddc4ec5f7cfe",
                "sha256:4428bdae507996aa3fdeb4727bca09e26306fa64a502e7335207252684516cbf",
                "sha256:4601fe7a6b74c6fd9207e614d9db2a20dd4befd4d314677a0feac13a67189707",
                "sha256:4cd9f057457d12604be18b623bcd5ae7d0b917ad66cb510ee1135d5f123666e2",
                "sha256:4e83fd6112808d1d14d1a57397c6fa3bd71bb2f3b8800036e12366e3680819b9",
                "sha256:52468a0784544eba708c0ae6bc5e8c5dcfd685495a60f7f74028662c984bd9cd",
                "sha256:5d4073b754f90b19f28d036ec5143d3fca3a75e4d4241d78790a6178b00bb373",
                "sha256:5f7add997684bc6141e1c80f6ba0c38ffe316ba277a4074e61b1b7b4f5a172bf",
                "sha256:5ff655716cd13a242eef8cf5d368074e8b396ff86508a5933e7cff4f2b3eb3c2",
                "sha256:617c9a92d8d8f60d5ef39e76596620503752a09f834a218e5b83be352fdd6c91",
                "sha256:6425001e50a0c82108caed438233066cea04d42a8fc9c49bfcf081a5b96e5b4e",
                "sha256:658ea8477fa020f08435fb7277635eb0b50cd5206b9d4cbe10e9a5466b01f855",
                "sha256:65d395211736d9844537a530287a7c64b9fda1d353e899a0e1723986a0859154",
                "sha256:660810cd27a8a94cb5e845e8f28a95e70b01ff0c45466d394c4a0cba5a0ae279",
                "sha256:671e88a6209a1cf415dc0f8c67d2b2d3b55b436cc63801a518f9800ebd752959",
                "sha256:674097dd54a0bbd555e7927092c74428c4c07268ad52bca38cfccc3214707e50",
                "sha256:6f021aa2dbd8fbfe54d3fa2258518129108b7496922b3bcff2cf5991078eec67",
                "sha256:704abc7f3403584cca9c01c5809812e0bd70632ea4251389fae4f45e11aad94f",
                "sha256:73a8c8160d2a170dadcad5b82fb5ee53236a19cec0996651cf4d21da0a2574d5",
                "sha256:768d33b484a35da93731cc99bdc926b539240a78673216cdc6306833d9072350",
                "sha256:79bf1ef6850182e09d86e61fa31717da56014a3b2234afb025fca1f2a43ac07b",
                "sha256:838a6d117739f1ae6ecc45ec630fa694f41a85c0d07b1f3b1db2a6cc52c1808b",
                "sha256:8817b0f7d7830215261b18db83c9c3ef1da6bb64da5c292d7c70b9a46e5a6745",
                "sha256:892d016789b59950989b2db188dcd46cf16d34e8daf2343e33b679b0c5fd1001",
                "sha256:899f1a856b3bebb82b6cbc3c0014834b583b83f246b28e462a031ec1b766130b",
                "sha256:8c2b1c91b437133c672e374857eccb1dd2c2d9f8477ae3b35138382d5ef19846",
                "sha256:9479530e3fce65f6149058071fa4df8150025f15b43b103445f619842981a87c",
                "sha256:95c8e7036cf442480d0bf6f5fde371e1eb6dbbf5391d7bdb8db73bd8a732b538",
                "sha256:97dc6793e512a62ba9eab250134a2e67372c16ae9948e73d27c2ef355356e2e1",
                "sha256:9a6a9342fae113b12aab42c790880c549d9ba695b8deff27ee08096eedd67569",
                "sha256:a22f47c34ee1fcf7d93a8c5c93135499aac879d9d5d8f820bd28571a30fdabcd",
                "sha256:a731c03bc00552ee6cc685a59616d36003124e7e04c6ddf65c2c47f1c3d85480",
                "sha256:b095a1de40ca1afaeae8df3f45e26b645094a1912e6e6871e725fcf06ecdb74a",
                "sha256:b48abd7745caec1a78a16a048966cde14ff6ccb04d471a7201532648d3f77d14",
                "sha256:b5f3ab4185c1f72010846ca9fccb08349e23a2b52982a18d9870e848ce9f1c86",
                "sha256:b684f8ecdeacd6baabc17b15ac1b054ca62029193e6c5367ef00b3516671de80",
                "sha256:b7b647684eb2e1fd1e5e6b101249d5fe9d6117c117b5e336ad8dd75af48d2d1f",
                "sha256:bcbb25029ee8756f10c6473cea5ef21707a1d9a8752cdf29fad3a5f34aa4a313",
                "sha256:c0473dfa8f17c6a9a250b2bd6a5b62af3aa7d22518f701649115f1085d5e35ab",
                "sha256:c08800c28160f4d32ca510128b4e201a43c813e7a2dd53178fa79ebe050eba13",
                "sha256:c344eb09fcfbf71e5b5847d4f188fec98e1c3a976125ef571eac5f1c39e7a5e5",
                "sha256:c596920d6017702a36e3a43fd8110a84e87d6229f30b84bd5640cbae9b5145da",
                "sha256:c947135750d20f35acac290c34f1acf5771fc166a3fbc0e3816a97c756aaa5f5",
                "sha256:d24d2ec74923b49bce7618e3e7762baa6be74e624d9829d5632321de102bf386",
                "sha256:d828721dcbcb94b904a6b25df67c2513ecd24cd9e36694f38b9f0fa71c7c6103",
                "sha256:ddad27a62df2ea47b7b483009fbfcf167a71d702cbd8e2eefd9ddc1c93146658",
                "sha256:df6f618b98f0848fd8d07039541e10f23db679d8283f8719e870a98e1ef8e639",
                "sha256:e1790481a6b9ce38888f22ce30710244067898c3ac4805a0e061e381f3db3506",
                "sha256:e6776840aea3ff5ab6924b50117957da62db51b109b3b491c0d5817a804b1a8e",
                "sha256:e99689f6c6b9ca6e2fc7a75d140e38c5a7985dab61fe1f4e506268f7e9844e05",
                "sha256:ebd2e63baa117ded04b978813fcd1279d3fc6be2149c9cac75c716b6f1db774c",
                "sha256:f50f10058b884d45cd8a50423bf561b1f9f9df7058abeb8b318700c8bcf4bb54",
                "sha256:f5b94cba3edfc54bcb3ab5be616a2f50fa48be438e5af970824efdf882d1bc31"
            ],
            "markers": "python_version >= '3.8'",
            "version": "==2.15.0"
        },
        "types-python-dateutil": {
            "hashes": [
                "sha256:27c8cc2d058ccb14946eebcaaa503088f4f6dbc4fb6093d3d456a49aef2753f6",
                "sha256:9706c3b68284c25adffc47319ecc7947e5bb86b3773f843c73906fd598bc176e"
            ],
            "markers": "python_version >= '3.8'",
            "version": "==2.9.0.20240906"
        }
    },
    "develop": {
        "astroid": {
            "hashes": [
                "sha256:0e14202810b30da1b735827f78f5157be2bbd4a7a59b7707ca0bfc2fb4c0063a",
                "sha256:413658a61eeca6202a59231abb473f932038fbcbf1666587f66d482083413a25"
            ],
            "markers": "python_full_version >= '3.8.0'",
            "version": "==3.2.4"
        },
        "bandit": {
            "hashes": [
                "sha256:52077cb339000f337fb25f7e045995c4ad01511e716e5daac37014b9752de8ec",
                "sha256:7c395a436743018f7be0a4cbb0a4ea9b902b6d87264ddecf8cfdc73b4f78ff61"
            ],
            "index": "pypi",
            "markers": "python_version >= '3.8'",
            "version": "==1.7.9"
        },
        "dill": {
            "hashes": [
                "sha256:3ebe3c479ad625c4553aca177444d89b486b1d84982eeacded644afc0cf797ca",
                "sha256:c36ca9ffb54365bdd2f8eb3eff7d2a21237f8452b57ace88b1ac615b7e815bd7"
            ],
            "markers": "python_version >= '3.11'",
            "version": "==0.3.8"
        },
        "docstring-to-markdown": {
            "hashes": [
                "sha256:27afb3faedba81e34c33521c32bbd258d7fbb79eedf7d29bc4e81080e854aec0",
                "sha256:e146114d9c50c181b1d25505054a8d0f7a476837f0da2c19f07e06eaed52b73d"
            ],
            "markers": "python_version >= '3.6'",
            "version": "==0.15"
        },
        "iniconfig": {
            "hashes": [
                "sha256:2d91e135bf72d31a410b17c16da610a82cb55f6b0477d1a902134b24a455b8b3",
                "sha256:b6a85871a79d2e3b22d2d1b94ac2824226a63c6b741c88f7ae975f18b6778374"
            ],
            "markers": "python_version >= '3.7'",
            "version": "==2.0.0"
        },
        "isort": {
            "hashes": [
                "sha256:48fdfcb9face5d58a4f6dde2e72a1fb8dcaf8ab26f95ab49fab84c2ddefb0109",
                "sha256:8ca5e72a8d85860d5a3fa69b8745237f2939afe12dbf656afbcb47fe72d947a6"
            ],
            "markers": "python_full_version >= '3.8.0'",
            "version": "==5.13.2"
        },
        "jedi": {
            "hashes": [
                "sha256:cf0496f3651bc65d7174ac1b7d043eff454892c708a87d1b683e57b569927ffd",
                "sha256:e983c654fe5c02867aef4cdfce5a2fbb4a50adc0af145f70504238f18ef5e7e0"
            ],
            "markers": "python_version >= '3.6'",
            "version": "==0.19.1"
        },
        "markdown-it-py": {
            "hashes": [
                "sha256:355216845c60bd96232cd8d8c40e8f9765cc86f46880e43a8fd22dc1a1a8cab1",
                "sha256:e3f60a94fa066dc52ec76661e37c851cb232d92f9886b15cb560aaada2df8feb"
            ],
            "markers": "python_version >= '3.8'",
            "version": "==3.0.0"
        },
        "mccabe": {
            "hashes": [
                "sha256:348e0240c33b60bbdf4e523192ef919f28cb2c3d7d5c7794f74009290f236325",
                "sha256:6c2d30ab6be0e4a46919781807b4f0d834ebdd6c6e3dca0bda5a15f863427b6e"
            ],
            "markers": "python_version >= '3.6'",
            "version": "==0.7.0"
        },
        "mdurl": {
            "hashes": [
                "sha256:84008a41e51615a49fc9966191ff91509e3c40b939176e643fd50a5c2196b8f8",
                "sha256:bb413d29f5eea38f31dd4754dd7377d4465116fb207585f97bf925588687c1ba"
            ],
            "markers": "python_version >= '3.7'",
            "version": "==0.1.2"
        },
        "mypy": {
            "hashes": [
                "sha256:6e7184632d89d677973a14d00ae4d03214c8bc301ceefcdaf5c474866814c987",
                "sha256:7f9993ad3e0ffdc95c2a14b66dee63729f021968bff8ad911867579c65d13a79",
                "sha256:b499bc07dbdcd3de92b0a8b29fdf592c111276f6a12fe29c30f6c417dd546d12"
            ],
            "index": "pypi",
            "markers": "python_version >= '3.8'",
            "version": "==1.11.2"
        },
        "mypy-extensions": {
            "hashes": [
                "sha256:4392f6c0eb8a5668a69e23d168ffa70f0be9ccfd32b5cc2d26a34ae5b844552d",
                "sha256:75dbf8955dc00442a438fc4d0666508a9a97b6bd41aa2f0ffe9d2f2725af0782"
            ],
            "markers": "python_version >= '3.5'",
            "version": "==1.0.0"
        },
        "packaging": {
            "hashes": [
                "sha256:026ed72c8ed3fcce5bf8950572258698927fd1dbda10a5e981cdf0ac37f4f002",
                "sha256:5b8f2217dbdbd2f7f384c41c628544e6d52f2d0f53c6d0c3ea61aa5d1d7ff124"
            ],
            "markers": "python_version >= '3.8'",
            "version": "==24.1"
        },
        "parso": {
            "hashes": [
                "sha256:a418670a20291dacd2dddc80c377c5c3791378ee1e8d12bffc35420643d43f18",
                "sha256:eb3a7b58240fb99099a345571deecc0f9540ea5f4dd2fe14c2a99d6b281ab92d"
            ],
            "markers": "python_version >= '3.6'",
            "version": "==0.8.4"
        },
        "pbr": {
            "hashes": [
                "sha256:788183e382e3d1d7707db08978239965e8b9e4e5ed42669bf4758186734d5f24",
                "sha256:a776ae228892d8013649c0aeccbb3d5f99ee15e005a4cbb7e61d55a067b28a2a"
            ],
            "markers": "python_version >= '2.6'",
            "version": "==6.1.0"
        },
        "platformdirs": {
            "hashes": [
                "sha256:9e5e27a08aa095dd127b9f2e764d74254f482fef22b0970773bfba79d091ab8c",
                "sha256:eb1c8582560b34ed4ba105009a4badf7f6f85768b30126f351328507b2beb617"
            ],
            "markers": "python_version >= '3.8'",
            "version": "==4.3.2"
        },
        "pluggy": {
            "hashes": [
                "sha256:2cffa88e94fdc978c4c574f15f9e59b7f4201d439195c3715ca9e2486f1d0cf1",
                "sha256:44e1ad92c8ca002de6377e165f3e0f1be63266ab4d554740532335b9d75ea669"
            ],
            "markers": "python_version >= '3.8'",
            "version": "==1.5.0"
        },
        "pygments": {
            "hashes": [
                "sha256:786ff802f32e91311bff3889f6e9a86e81505fe99f2735bb6d60ae0c5004f199",
                "sha256:b8e6aca0523f3ab76fee51799c488e38782ac06eafcf95e7ba832985c8e7b13a"
            ],
            "markers": "python_version >= '3.8'",
            "version": "==2.18.0"
        },
        "pylint": {
            "hashes": [
                "sha256:02f4aedeac91be69fb3b4bea997ce580a4ac68ce58b89eaefeaf06749df73f4b",
                "sha256:1b7a721b575eaeaa7d39db076b6e7743c993ea44f57979127c517c6c572c803e"
            ],
            "index": "pypi",
            "markers": "python_full_version >= '3.8.0'",
            "version": "==3.2.7"
        },
        "pylsp-mypy": {
            "hashes": [
                "sha256:9b73ece2977b22b5fc75dfec1cc491bf2031955e3da4062d924a5cc22a278151",
                "sha256:d28994a6ba123c3918ce3274a5cad768418650e575001002101c425ad6c7bbaa"
            ],
            "index": "pypi",
            "markers": "python_version >= '3.8'",
            "version": "==0.6.9"
        },
        "pytest": {
            "hashes": [
                "sha256:4ba08f9ae7dcf84ded419494d229b48d0903ea6407b030eaec46df5e6a73bba5",
                "sha256:c132345d12ce551242c87269de812483f5bcc87cdbb4722e48487ba194f9fdce"
            ],
            "index": "pypi",
            "markers": "python_version >= '3.8'",
            "version": "==8.3.2"
        },
        "python-lsp-jsonrpc": {
            "hashes": [
                "sha256:4688e453eef55cd952bff762c705cedefa12055c0aec17a06f595bcc002cc912",
                "sha256:7339c2e9630ae98903fdaea1ace8c47fba0484983794d6aafd0bd8989be2b03c"
            ],
            "markers": "python_version >= '3.8'",
            "version": "==1.1.2"
        },
        "python-lsp-server": {
            "hashes": [
                "sha256:2e912c661881d85f67f2076e4e66268b695b62bf127e07e81f58b187d4bb6eda",
                "sha256:b6a336f128da03bd9bac1e61c3acca6e84242b8b31055a1ccf49d83df9dc053b"
            ],
            "index": "pypi",
            "markers": "python_version >= '3.8'",
            "version": "==1.12.0"
        },
        "pyyaml": {
            "hashes": [
                "sha256:01179a4a8559ab5de078078f37e5c1a30d76bb88519906844fd7bdea1b7729ff",
                "sha256:0833f8694549e586547b576dcfaba4a6b55b9e96098b36cdc7ebefe667dfed48",
                "sha256:0a9a2848a5b7feac301353437eb7d5957887edbf81d56e903999a75a3d743086",
                "sha256:0b69e4ce7a131fe56b7e4d770c67429700908fc0752af059838b1cfb41960e4e",
                "sha256:0ffe8360bab4910ef1b9e87fb812d8bc0a308b0d0eef8c8f44e0254ab3b07133",
                "sha256:11d8f3dd2b9c1207dcaf2ee0bbbfd5991f571186ec9cc78427ba5bd32afae4b5",
                "sha256:17e311b6c678207928d649faa7cb0d7b4c26a0ba73d41e99c4fff6b6c3276484",
                "sha256:1e2120ef853f59c7419231f3bf4e7021f1b936f6ebd222406c3b60212205d2ee",
                "sha256:1f71ea527786de97d1a0cc0eacd1defc0985dcf6b3f17bb77dcfc8c34bec4dc5",
                "sha256:23502f431948090f597378482b4812b0caae32c22213aecf3b55325e049a6c68",
                "sha256:24471b829b3bf607e04e88d79542a9d48bb037c2267d7927a874e6c205ca7e9a",
                "sha256:29717114e51c84ddfba879543fb232a6ed60086602313ca38cce623c1d62cfbf",
                "sha256:2e99c6826ffa974fe6e27cdb5ed0021786b03fc98e5ee3c5bfe1fd5015f42b99",
                "sha256:39693e1f8320ae4f43943590b49779ffb98acb81f788220ea932a6b6c51004d8",
                "sha256:3ad2a3decf9aaba3d29c8f537ac4b243e36bef957511b4766cb0057d32b0be85",
                "sha256:3b1fdb9dc17f5a7677423d508ab4f243a726dea51fa5e70992e59a7411c89d19",
                "sha256:41e4e3953a79407c794916fa277a82531dd93aad34e29c2a514c2c0c5fe971cc",
                "sha256:43fa96a3ca0d6b1812e01ced1044a003533c47f6ee8aca31724f78e93ccc089a",
                "sha256:50187695423ffe49e2deacb8cd10510bc361faac997de9efef88badc3bb9e2d1",
                "sha256:5ac9328ec4831237bec75defaf839f7d4564be1e6b25ac710bd1a96321cc8317",
                "sha256:5d225db5a45f21e78dd9358e58a98702a0302f2659a3c6cd320564b75b86f47c",
                "sha256:6395c297d42274772abc367baaa79683958044e5d3835486c16da75d2a694631",
                "sha256:688ba32a1cffef67fd2e9398a2efebaea461578b0923624778664cc1c914db5d",
                "sha256:68ccc6023a3400877818152ad9a1033e3db8625d899c72eacb5a668902e4d652",
                "sha256:70b189594dbe54f75ab3a1acec5f1e3faa7e8cf2f1e08d9b561cb41b845f69d5",
                "sha256:797b4f722ffa07cc8d62053e4cff1486fa6dc094105d13fea7b1de7d8bf71c9e",
                "sha256:7c36280e6fb8385e520936c3cb3b8042851904eba0e58d277dca80a5cfed590b",
                "sha256:7e7401d0de89a9a855c839bc697c079a4af81cf878373abd7dc625847d25cbd8",
                "sha256:80bab7bfc629882493af4aa31a4cfa43a4c57c83813253626916b8c7ada83476",
                "sha256:82d09873e40955485746739bcb8b4586983670466c23382c19cffecbf1fd8706",
                "sha256:8388ee1976c416731879ac16da0aff3f63b286ffdd57cdeb95f3f2e085687563",
                "sha256:8824b5a04a04a047e72eea5cec3bc266db09e35de6bdfe34c9436ac5ee27d237",
                "sha256:8b9c7197f7cb2738065c481a0461e50ad02f18c78cd75775628afb4d7137fb3b",
                "sha256:9056c1ecd25795207ad294bcf39f2db3d845767be0ea6e6a34d856f006006083",
                "sha256:936d68689298c36b53b29f23c6dbb74de12b4ac12ca6cfe0e047bedceea56180",
                "sha256:9b22676e8097e9e22e36d6b7bda33190d0d400f345f23d4065d48f4ca7ae0425",
                "sha256:a4d3091415f010369ae4ed1fc6b79def9416358877534caf6a0fdd2146c87a3e",
                "sha256:a8786accb172bd8afb8be14490a16625cbc387036876ab6ba70912730faf8e1f",
                "sha256:a9f8c2e67970f13b16084e04f134610fd1d374bf477b17ec1599185cf611d725",
                "sha256:bc2fa7c6b47d6bc618dd7fb02ef6fdedb1090ec036abab80d4681424b84c1183",
                "sha256:c70c95198c015b85feafc136515252a261a84561b7b1d51e3384e0655ddf25ab",
                "sha256:cc1c1159b3d456576af7a3e4d1ba7e6924cb39de8f67111c735f6fc832082774",
                "sha256:ce826d6ef20b1bc864f0a68340c8b3287705cae2f8b4b1d932177dcc76721725",
                "sha256:d584d9ec91ad65861cc08d42e834324ef890a082e591037abe114850ff7bbc3e",
                "sha256:d7fded462629cfa4b685c5416b949ebad6cec74af5e2d42905d41e257e0869f5",
                "sha256:d84a1718ee396f54f3a086ea0a66d8e552b2ab2017ef8b420e92edbc841c352d",
                "sha256:d8e03406cac8513435335dbab54c0d385e4a49e4945d2909a581c83647ca0290",
                "sha256:e10ce637b18caea04431ce14fabcf5c64a1c61ec9c56b071a4b7ca131ca52d44",
                "sha256:ec031d5d2feb36d1d1a24380e4db6d43695f3748343d99434e6f5f9156aaa2ed",
                "sha256:ef6107725bd54b262d6dedcc2af448a266975032bc85ef0172c5f059da6325b4",
                "sha256:efdca5630322a10774e8e98e1af481aad470dd62c3170801852d752aa7a783ba",
                "sha256:f753120cb8181e736c57ef7636e83f31b9c0d1722c516f7e86cf15b7aa57ff12",
                "sha256:ff3824dc5261f50c9b0dfb3be22b4567a6f938ccce4587b38952d85fd9e9afe4"
            ],
            "markers": "python_version >= '3.8'",
            "version": "==6.0.2"
        },
        "rich": {
            "hashes": [
                "sha256:2e85306a063b9492dffc86278197a60cbece75bcb766022f3436f567cae11bdc",
                "sha256:a5ac1f1cd448ade0d59cc3356f7db7a7ccda2c8cbae9c7a90c28ff463d3e91f4"
            ],
            "markers": "python_full_version >= '3.7.0'",
            "version": "==13.8.0"
        },
        "ruff": {
            "hashes": [
                "sha256:0b52387d3289ccd227b62102c24714ed75fbba0b16ecc69a923a37e3b5e0aaaa",
                "sha256:ac3b5bfbee99973f80aa1b7cbd1c9cbce200883bdd067300c22a6cc1c7fba212"
            ],
            "index": "pypi",
            "markers": "python_version >= '3.7'",
            "version": "==0.6.4"
        },
        "stevedore": {
            "hashes": [
                "sha256:1efd34ca08f474dad08d9b19e934a22c68bb6fe416926479ba29e5013bcc8f78",
                "sha256:9a64265f4060312828151c204efbe9b7a9852a0d9228756344dbc7e4023e375a"
            ],
            "markers": "python_version >= '3.8'",
            "version": "==5.3.0"
        },
        "tomlkit": {
            "hashes": [
                "sha256:7a974427f6e119197f670fbbbeae7bef749a6c14e793db934baefc1b5f03efde",
                "sha256:fff5fe59a87295b278abd31bec92c15d9bc4a06885ab12bcea52c71119392e79"
            ],
            "markers": "python_version >= '3.8'",
            "version": "==0.13.2"
        },
        "typing-extensions": {
            "hashes": [
                "sha256:04e5ca0351e0f3f85c6853954072df659d0d13fac324d0072316b67d7794700d",
                "sha256:1a7ead55c7e559dd4dee8856e3a88b41225abfe1ce8df57b7c13915fe121ffb8"
            ],
            "markers": "python_version >= '3.8'",
            "version": "==4.12.2"
        },
        "ujson": {
            "hashes": [
                "sha256:0de4971a89a762398006e844ae394bd46991f7c385d7a6a3b93ba229e6dac17e",
                "sha256:129e39af3a6d85b9c26d5577169c21d53821d8cf68e079060602e861c6e5da1b",
                "sha256:22cffecf73391e8abd65ef5f4e4dd523162a3399d5e84faa6aebbf9583df86d6",
                "sha256:232cc85f8ee3c454c115455195a205074a56ff42608fd6b942aa4c378ac14dd7",
                "sha256:2544912a71da4ff8c4f7ab5606f947d7299971bdd25a45e008e467ca638d13c9",
                "sha256:2601aa9ecdbee1118a1c2065323bda35e2c5a2cf0797ef4522d485f9d3ef65bd",
                "sha256:26b0e2d2366543c1bb4fbd457446f00b0187a2bddf93148ac2da07a53fe51569",
                "sha256:2987713a490ceb27edff77fb184ed09acdc565db700ee852823c3dc3cffe455f",
                "sha256:29b443c4c0a113bcbb792c88bea67b675c7ca3ca80c3474784e08bba01c18d51",
                "sha256:2a890b706b64e0065f02577bf6d8ca3b66c11a5e81fb75d757233a38c07a1f20",
                "sha256:2aff2985cef314f21d0fecc56027505804bc78802c0121343874741650a4d3d1",
                "sha256:348898dd702fc1c4f1051bc3aacbf894caa0927fe2c53e68679c073375f732cf",
                "sha256:38665e7d8290188b1e0d57d584eb8110951a9591363316dd41cf8686ab1d0abc",
                "sha256:38d5d36b4aedfe81dfe251f76c0467399d575d1395a1755de391e58985ab1c2e",
                "sha256:3ff201d62b1b177a46f113bb43ad300b424b7847f9c5d38b1b4ad8f75d4a282a",
                "sha256:4573fd1695932d4f619928fd09d5d03d917274381649ade4328091ceca175539",
                "sha256:4734ee0745d5928d0ba3a213647f1c4a74a2a28edc6d27b2d6d5bd9fa4319e27",
                "sha256:4c4fc16f11ac1612f05b6f5781b384716719547e142cfd67b65d035bd85af165",
                "sha256:502bf475781e8167f0f9d0e41cd32879d120a524b22358e7f205294224c71126",
                "sha256:57aaf98b92d72fc70886b5a0e1a1ca52c2320377360341715dd3933a18e827b1",
                "sha256:59e02cd37bc7c44d587a0ba45347cc815fb7a5fe48de16bf05caa5f7d0d2e816",
                "sha256:5b6fee72fa77dc172a28f21693f64d93166534c263adb3f96c413ccc85ef6e64",
                "sha256:5b91b5d0d9d283e085e821651184a647699430705b15bf274c7896f23fe9c9d8",
                "sha256:604a046d966457b6cdcacc5aa2ec5314f0e8c42bae52842c1e6fa02ea4bda42e",
                "sha256:618efd84dc1acbd6bff8eaa736bb6c074bfa8b8a98f55b61c38d4ca2c1f7f287",
                "sha256:61d0af13a9af01d9f26d2331ce49bb5ac1fb9c814964018ac8df605b5422dcb3",
                "sha256:61e1591ed9376e5eddda202ec229eddc56c612b61ac6ad07f96b91460bb6c2fb",
                "sha256:621e34b4632c740ecb491efc7f1fcb4f74b48ddb55e65221995e74e2d00bbff0",
                "sha256:6627029ae4f52d0e1a2451768c2c37c0c814ffc04f796eb36244cf16b8e57043",
                "sha256:67079b1f9fb29ed9a2914acf4ef6c02844b3153913eb735d4bf287ee1db6e557",
                "sha256:6dea1c8b4fc921bf78a8ff00bbd2bfe166345f5536c510671bccececb187c80e",
                "sha256:6e32abdce572e3a8c3d02c886c704a38a1b015a1fb858004e03d20ca7cecbb21",
                "sha256:7223f41e5bf1f919cd8d073e35b229295aa8e0f7b5de07ed1c8fddac63a6bc5d",
                "sha256:73814cd1b9db6fc3270e9d8fe3b19f9f89e78ee9d71e8bd6c9a626aeaeaf16bd",
                "sha256:7490655a2272a2d0b072ef16b0b58ee462f4973a8f6bbe64917ce5e0a256f9c0",
                "sha256:7663960f08cd5a2bb152f5ee3992e1af7690a64c0e26d31ba7b3ff5b2ee66337",
                "sha256:78778a3aa7aafb11e7ddca4e29f46bc5139131037ad628cc10936764282d6753",
                "sha256:7c10f4654e5326ec14a46bcdeb2b685d4ada6911050aa8baaf3501e57024b804",
                "sha256:7ec0ca8c415e81aa4123501fee7f761abf4b7f386aad348501a26940beb1860f",
                "sha256:924f7318c31874d6bb44d9ee1900167ca32aa9b69389b98ecbde34c1698a250f",
                "sha256:94a87f6e151c5f483d7d54ceef83b45d3a9cca7a9cb453dbdbb3f5a6f64033f5",
                "sha256:98ba15d8cbc481ce55695beee9f063189dce91a4b08bc1d03e7f0152cd4bbdd5",
                "sha256:a245d59f2ffe750446292b0094244df163c3dc96b3ce152a2c837a44e7cda9d1",
                "sha256:a5b366812c90e69d0f379a53648be10a5db38f9d4ad212b60af00bd4048d0f00",
                "sha256:a65b6af4d903103ee7b6f4f5b85f1bfd0c90ba4eeac6421aae436c9988aa64a2",
                "sha256:a984a3131da7f07563057db1c3020b1350a3e27a8ec46ccbfbf21e5928a43050",
                "sha256:a9d2edbf1556e4f56e50fab7d8ff993dbad7f54bac68eacdd27a8f55f433578e",
                "sha256:ab13a2a9e0b2865a6c6db9271f4b46af1c7476bfd51af1f64585e919b7c07fd4",
                "sha256:ac56eb983edce27e7f51d05bc8dd820586c6e6be1c5216a6809b0c668bb312b8",
                "sha256:ad88ac75c432674d05b61184178635d44901eb749786c8eb08c102330e6e8996",
                "sha256:b0111b27f2d5c820e7f2dbad7d48e3338c824e7ac4d2a12da3dc6061cc39c8e6",
                "sha256:b3cd8f3c5d8c7738257f1018880444f7b7d9b66232c64649f562d7ba86ad4bc1",
                "sha256:b9500e61fce0cfc86168b248104e954fead61f9be213087153d272e817ec7b4f",
                "sha256:ba17799fcddaddf5c1f75a4ba3fd6441f6a4f1e9173f8a786b42450851bd74f1",
                "sha256:ba43cc34cce49cf2d4bc76401a754a81202d8aa926d0e2b79f0ee258cb15d3a4",
                "sha256:baed37ea46d756aca2955e99525cc02d9181de67f25515c468856c38d52b5f3b",
                "sha256:beeaf1c48e32f07d8820c705ff8e645f8afa690cca1544adba4ebfa067efdc88",
                "sha256:c18610b9ccd2874950faf474692deee4223a994251bc0a083c114671b64e6518",
                "sha256:c66962ca7565605b355a9ed478292da628b8f18c0f2793021ca4425abf8b01e5",
                "sha256:caf270c6dba1be7a41125cd1e4fc7ba384bf564650beef0df2dd21a00b7f5770",
                "sha256:cc6139531f13148055d691e442e4bc6601f6dba1e6d521b1585d4788ab0bfad4",
                "sha256:d2c75269f8205b2690db4572a4a36fe47cd1338e4368bc73a7a0e48789e2e35a",
                "sha256:d47ebb01bd865fdea43da56254a3930a413f0c5590372a1241514abae8aa7c76",
                "sha256:d4dc2fd6b3067c0782e7002ac3b38cf48608ee6366ff176bbd02cf969c9c20fe",
                "sha256:d7d0e0ceeb8fe2468c70ec0c37b439dd554e2aa539a8a56365fd761edb418988",
                "sha256:d8640fb4072d36b08e95a3a380ba65779d356b2fee8696afeb7794cf0902d0a1",
                "sha256:dee5e97c2496874acbf1d3e37b521dd1f307349ed955e62d1d2f05382bc36dd5",
                "sha256:dfef2814c6b3291c3c5f10065f745a1307d86019dbd7ea50e83504950136ed5b",
                "sha256:e1402f0564a97d2a52310ae10a64d25bcef94f8dd643fcf5d310219d915484f7",
                "sha256:e7ce306a42b6b93ca47ac4a3b96683ca554f6d35dd8adc5acfcd55096c8dfcb8",
                "sha256:e82d4bb2138ab05e18f089a83b6564fee28048771eb63cdecf4b9b549de8a2cc",
                "sha256:ecb24f0bdd899d368b715c9e6664166cf694d1e57be73f17759573a6986dd95a",
                "sha256:f00ea7e00447918ee0eff2422c4add4c5752b1b60e88fcb3c067d4a21049a720",
                "sha256:f3caf9cd64abfeb11a3b661329085c5e167abbe15256b3b68cb5d914ba7396f3",
                "sha256:f44bd4b23a0e723bf8b10628288c2c7c335161d6840013d4d5de20e48551773b",
                "sha256:f77b74475c462cb8b88680471193064d3e715c7c6074b1c8c412cb526466efe9",
                "sha256:f8ccb77b3e40b151e20519c6ae6d89bfe3f4c14e8e210d910287f778368bb3d1",
                "sha256:fbd8fd427f57a03cff3ad6574b5e299131585d9727c8c366da4624a9069ed746"
            ],
            "markers": "python_version >= '3.8'",
            "version": "==5.10.0"
        }
    }
}
