
Microsoft Visual Studio Solution File, Format Version 12.00
# Visual Studio 15
VisualStudioVersion = 15.0.28010.2048
MinimumVisualStudioVersion = 10.0.40219.1
Project("{8BC9CEB8-8B4A-11D0-8D11-00A0C91BC942}") = "microservice", "microservice.vcxproj", "{2FFCD47E-443F-442B-BC9A-35D4B9C3EAD3}"
EndProject
Global
	GlobalSection(SolutionConfigurationPlatforms) = preSolution
		Debug|x64 = Debug|x64
		Debug|x86 = Debug|x86
		Release|x64 = Release|x64
		Release|x86 = Release|x86
	EndGlobalSection
	GlobalSection(ProjectConfigurationPlatforms) = postSolution
		{2FFCD47E-443F-442B-BC9A-35D4B9C3EAD3}.Debug|x64.ActiveCfg = Debug|x64
		{2FFCD47E-443F-442B-BC9A-35D4B9C3EAD3}.Debug|x64.Build.0 = Debug|x64
		{2FFCD47E-443F-442B-BC9A-35D4B9C3EAD3}.Debug|x86.ActiveCfg = Debug|Win32
		{2FFCD47E-443F-442B-BC9A-35D4B9C3EAD3}.Debug|x86.Build.0 = Debug|Win32
		{2FFCD47E-443F-442B-BC9A-35D4B9C3EAD3}.Release|x64.ActiveCfg = Release|x64
		{2FFCD47E-443F-442B-BC9A-35D4B9C3EAD3}.Release|x64.Build.0 = Release|x64
		{2FFCD47E-443F-442B-BC9A-35D4B9C3EAD3}.Release|x86.ActiveCfg = Release|Win32
		{2FFCD47E-443F-442B-BC9A-35D4B9C3EAD3}.Release|x86.Build.0 = Release|Win32
	EndGlobalSection
	GlobalSection(SolutionProperties) = preSolution
		HideSolutionNode = FALSE
	EndGlobalSection
	GlobalSection(ExtensibilityGlobals) = postSolution
		SolutionGuid = {62D1D8AB-AF6B-49BC-BB08-EF6B8BBF01E8}
	EndGlobalSection
EndGlobal
