{
    "_meta": {
        "hash": {
            "sha256": "4240186c40c01cc0ed1240f5879e3028b037c77db7348abdba70d5eabe899eb5"
        },
        "pipfile-spec": 6,
        "requires": {
            "python_version": "3.12"
        },
        "sources": [
            {
                "name": "pypi",
                "url": "https://pypi.org/simple",
                "verify_ssl": true
            }
        ]
    },
    "default": {
        "annotated-types": {
            "hashes": [
                "sha256:1f02e8b43a8fbbc3f3e0d4f0f4bfc8131bcb4eebe8849b8e5c773f3a1c582a53",
                "sha256:aff07c09a53a08bc8cfccb9c85b05f1aa9a2a6f23728d790723543408344ce89"
            ],
            "markers": "python_version >= '3.8'",
            "version": "==0.7.0"
        },
        "cmk-mkp-tool": {
            "editable": true,
            "path": "."
        },
        "pydantic": {
            "hashes": [
                "sha256:427d664bf0b8a2b34ff5dd0f5a18df00591adcee7198fbd71981054cef37b584",
                "sha256:ca5daa827cce33de7a42be142548b0096bf05a7e7b365aebfa5f8eeec7128236"
            ],
            "markers": "python_version >= '3.8'",
            "version": "==2.10.6"
        },
        "pydantic-core": {
            "hashes": [
                "sha256:00bad2484fa6bda1e216e7345a798bd37c68fb2d97558edd584942aa41b7d278",
                "sha256:0296abcb83a797db256b773f45773da397da75a08f5fcaef41f2044adec05f50",
                "sha256:03d0f86ea3184a12f41a2d23f7ccb79cdb5a18e06993f8a45baa8dfec746f0e9",
                "sha256:044a50963a614ecfae59bb1eaf7ea7efc4bc62f49ed594e18fa1e5d953c40e9f",
                "sha256:05e3a55d124407fffba0dd6b0c0cd056d10e983ceb4e5dbd10dda135c31071d6",
                "sha256:08e125dbdc505fa69ca7d9c499639ab6407cfa909214d500897d02afb816e7cc",
                "sha256:097830ed52fd9e427942ff3b9bc17fab52913b2f50f2880dc4a5611446606a54",
                "sha256:0d1e85068e818c73e048fe28cfc769040bb1f475524f4745a5dc621f75ac7630",
                "sha256:0d75070718e369e452075a6017fbf187f788e17ed67a3abd47fa934d001863d9",
                "sha256:14d4a5c49d2f009d62a2a7140d3064f686d17a5d1a268bc641954ba181880236",
                "sha256:172fce187655fece0c90d90a678424b013f8fbb0ca8b036ac266749c09438cb7",
                "sha256:18a101c168e4e092ab40dbc2503bdc0f62010e95d292b27827871dc85450d7ee",
                "sha256:1a4207639fb02ec2dbb76227d7c751a20b1a6b4bc52850568e52260cae64ca3b",
                "sha256:1c1fd185014191700554795c99b347d64f2bb637966c4cfc16998a0ca700d048",
                "sha256:1e2cb691ed9834cd6a8be61228471d0a503731abfb42f82458ff27be7b2186fc",
                "sha256:1ebaf1d0481914d004a573394f4be3a7616334be70261007e47c2a6fe7e50130",
                "sha256:220f892729375e2d736b97d0e51466252ad84c51857d4d15f5e9692f9ef12be4",
                "sha256:251136cdad0cb722e93732cb45ca5299fb56e1344a833640bf93b2803f8d1bfd",
                "sha256:26f0d68d4b235a2bae0c3fc585c585b4ecc51382db0e3ba402a22cbc440915e4",
                "sha256:26f32e0adf166a84d0cb63be85c562ca8a6fa8de28e5f0d92250c6b7e9e2aff7",
                "sha256:280d219beebb0752699480fe8f1dc61ab6615c2046d76b7ab7ee38858de0a4e7",
                "sha256:28ccb213807e037460326424ceb8b5245acb88f32f3d2777427476e1b32c48c4",
                "sha256:2bf14caea37e91198329b828eae1618c068dfb8ef17bb33287a7ad4b61ac314e",
                "sha256:2d367ca20b2f14095a8f4fa1210f5a7b78b8a20009ecced6b12818f455b1e9fa",
                "sha256:30c5f68ded0c36466acede341551106821043e9afaad516adfb6e8fa80a4e6a6",
                "sha256:337b443af21d488716f8d0b6164de833e788aa6bd7e3a39c005febc1284f4962",
                "sha256:3911ac9284cd8a1792d3cb26a2da18f3ca26c6908cc434a18f730dc0db7bfa3b",
                "sha256:3d591580c34f4d731592f0e9fe40f9cc1b430d297eecc70b962e93c5c668f15f",
                "sha256:3de3ce3c9ddc8bbd88f6e0e304dea0e66d843ec9de1b0042b0911c1663ffd474",
                "sha256:3de9961f2a346257caf0aa508a4da705467f53778e9ef6fe744c038119737ef5",
                "sha256:40d02e7d45c9f8af700f3452f329ead92da4c5f4317ca9b896de7ce7199ea459",
                "sha256:42c5f762659e47fdb7b16956c71598292f60a03aa92f8b6351504359dbdba6cf",
                "sha256:47956ae78b6422cbd46f772f1746799cbb862de838fd8d1fbd34a82e05b0983a",
                "sha256:491a2b73db93fab69731eaee494f320faa4e093dbed776be1a829c2eb222c34c",
                "sha256:4c9775e339e42e79ec99c441d9730fccf07414af63eac2f0e48e08fd38a64d76",
                "sha256:4e0b4220ba5b40d727c7f879eac379b822eee5d8fff418e9d3381ee45b3b0362",
                "sha256:50a68f3e3819077be2c98110c1f9dcb3817e93f267ba80a2c05bb4f8799e2ff4",
                "sha256:519f29f5213271eeeeb3093f662ba2fd512b91c5f188f3bb7b27bc5973816934",
                "sha256:521eb9b7f036c9b6187f0b47318ab0d7ca14bd87f776240b90b21c1f4f149320",
                "sha256:57762139821c31847cfb2df63c12f725788bd9f04bc2fb392790959b8f70f118",
                "sha256:5e4f4bb20d75e9325cc9696c6802657b58bc1dbbe3022f32cc2b2b632c3fbb96",
                "sha256:5e68c4446fe0810e959cdff46ab0a41ce2f2c86d227d96dc3847af0ba7def306",
                "sha256:669e193c1c576a58f132e3158f9dfa9662969edb1a250c54d8fa52590045f046",
                "sha256:688d3fd9fcb71f41c4c015c023d12a79d1c4c0732ec9eb35d96e3388a120dcf3",
                "sha256:6fb4aadc0b9a0c063206846d603b92030eb6f03069151a625667f982887153e2",
                "sha256:7041c36f5680c6e0f08d922aed302e98b3745d97fe1589db0a3eebf6624523af",
                "sha256:71b24c7d61131bb83df10cc7e687433609963a944ccf45190cfc21e0887b08c9",
                "sha256:77d1bca19b0f7021b3a982e6f903dcd5b2b06076def36a652e3907f596e29f67",
                "sha256:7969e133a6f183be60e9f6f56bfae753585680f3b7307a8e555a948d443cc05a",
                "sha256:7a66efda2387de898c8f38c0cf7f14fca0b51a8ef0b24bfea5849f1b3c95af27",
                "sha256:7d0c8399fcc1848491f00e0314bd59fb34a9c008761bcb422a057670c3f65e35",
                "sha256:7d14bd329640e63852364c306f4d23eb744e0f8193148d4044dd3dacdaacbd8b",
                "sha256:7e17b560be3c98a8e3aa66ce828bdebb9e9ac6ad5466fba92eb74c4c95cb1151",
                "sha256:8083d4e875ebe0b864ffef72a4304827015cff328a1be6e22cc850753bfb122b",
                "sha256:82f91663004eb8ed30ff478d77c4d1179b3563df6cdb15c0817cd1cdaf34d154",
                "sha256:82f986faf4e644ffc189a7f1aafc86e46ef70372bb153e7001e8afccc6e54133",
                "sha256:83097677b8e3bd7eaa6775720ec8e0405f1575015a463285a92bfdfe254529ef",
                "sha256:85210c4d99a0114f5a9481b44560d7d1e35e32cc5634c656bc48e590b669b145",
                "sha256:8c19d1ea0673cd13cc2f872f6c9ab42acc4e4f492a7ca9d3795ce2b112dd7e15",
                "sha256:8d9b3388db186ba0c099a6d20f0604a44eabdeef1777ddd94786cdae158729e4",
                "sha256:8e10c99ef58cfdf2a66fc15d66b16c4a04f62bca39db589ae8cba08bc55331bc",
                "sha256:953101387ecf2f5652883208769a79e48db18c6df442568a0b5ccd8c2723abee",
                "sha256:9c3ed807c7b91de05e63930188f19e921d1fe90de6b4f5cd43ee7fcc3525cb8c",
                "sha256:9e0c8cfefa0ef83b4da9588448b6d8d2a2bf1a53c3f1ae5fca39eb3061e2f0b0",
                "sha256:9fdbe7629b996647b99c01b37f11170a57ae675375b14b8c13b8518b8320ced5",
                "sha256:a0fcd29cd6b4e74fe8ddd2c90330fd8edf2e30cb52acda47f06dd615ae72da57",
                "sha256:ac4dbfd1691affb8f48c2c13241a2e3b60ff23247cbcf981759c768b6633cf8b",
                "sha256:b0cb791f5b45307caae8810c2023a184c74605ec3bcbb67d13846c28ff731ff8",
                "sha256:ba5dd002f88b78a4215ed2f8ddbdf85e8513382820ba15ad5ad8955ce0ca19a1",
                "sha256:bca101c00bff0adb45a833f8451b9105d9df18accb8743b08107d7ada14bd7da",
                "sha256:bd8086fa684c4775c27f03f062cbb9eaa6e17f064307e86b21b9e0abc9c0f02e",
                "sha256:bec317a27290e2537f922639cafd54990551725fc844249e64c523301d0822fc",
                "sha256:c10eb4f1659290b523af58fa7cffb452a61ad6ae5613404519aee4bfbf1df993",
                "sha256:c33939a82924da9ed65dab5a65d427205a73181d8098e79b6b426bdf8ad4e656",
                "sha256:c61709a844acc6bf0b7dce7daae75195a10aac96a596ea1b776996414791ede4",
                "sha256:c70c26d2c99f78b125a3459f8afe1aed4d9687c24fd677c6a4436bc042e50d6c",
                "sha256:c817e2b40aba42bac6f457498dacabc568c3b7a986fc9ba7c8d9d260b71485fb",
                "sha256:cabb9bcb7e0d97f74df8646f34fc76fbf793b7f6dc2438517d7a9e50eee4f14d",
                "sha256:cc3f1a99a4f4f9dd1de4fe0312c114e740b5ddead65bb4102884b384c15d8bc9",
                "sha256:cca63613e90d001b9f2f9a9ceb276c308bfa2a43fafb75c8031c4f66039e8c6e",
                "sha256:ce8918cbebc8da707ba805b7fd0b382816858728ae7fe19a942080c24e5b7cd1",
                "sha256:d2088237af596f0a524d3afc39ab3b036e8adb054ee57cbb1dcf8e09da5b29cc",
                "sha256:d262606bf386a5ba0b0af3b97f37c83d7011439e3dc1a9298f21efb292e42f1a",
                "sha256:d2d63f1215638d28221f664596b1ccb3944f6e25dd18cd3b86b0a4c408d5ebb9",
                "sha256:d3e8d504bdd3f10835468f29008d72fc8359d95c9c415ce6e767203db6127506",
                "sha256:d4041c0b966a84b4ae7a09832eb691a35aec90910cd2dbe7a208de59be77965b",
                "sha256:d716e2e30c6f140d7560ef1538953a5cd1a87264c737643d481f2779fc247fe1",
                "sha256:d81d2068e1c1228a565af076598f9e7451712700b673de8f502f0334f281387d",
                "sha256:d9640b0059ff4f14d1f37321b94061c6db164fbe49b334b31643e0528d100d99",
                "sha256:de3cd1899e2c279b140adde9357c4495ed9d47131b4a4eaff9052f23398076b3",
                "sha256:e0fd26b16394ead34a424eecf8a31a1f5137094cabe84a1bcb10fa6ba39d3d31",
                "sha256:e2bb4d3e5873c37bb3dd58714d4cd0b0e6238cebc4177ac8fe878f8b3aa8e74c",
                "sha256:eb026e5a4c1fee05726072337ff51d1efb6f59090b7da90d30ea58625b1ffb39",
                "sha256:eda3f5c2a021bbc5d976107bb302e0131351c2ba54343f8a496dc8783d3d3a6a",
                "sha256:ef592d4bad47296fb11f96cd7dc898b92e795032b4894dfb4076cfccd43a9308",
                "sha256:f141ee28a0ad2123b6611b6ceff018039df17f32ada8b534e6aa039545a3efb2",
                "sha256:f66d89ba397d92f840f8654756196d93804278457b5fbede59598a1f9f90b228",
                "sha256:f6f8e111843bbb0dee4cb6594cdc73e79b3329b526037ec242a3e49012495b3b",
                "sha256:fa8e459d4954f608fa26116118bb67f56b93b209c39b008277ace29937453dc9",
                "sha256:fd1aea04935a508f62e0d0ef1f5ae968774a32afc306fb8545e06f5ff5cdf3ad"
            ],
            "markers": "python_version >= '3.8'",
            "version": "==2.27.2"
        },
        "typing-extensions": {
            "hashes": [
                "sha256:04e5ca0351e0f3f85c6853954072df659d0d13fac324d0072316b67d7794700d",
                "sha256:1a7ead55c7e559dd4dee8856e3a88b41225abfe1ce8df57b7c13915fe121ffb8"
            ],
            "markers": "python_version >= '3.8'",
            "version": "==4.12.2"
        }
    },
    "develop": {
        "astroid": {
            "hashes": [
                "sha256:187ccc0c248bfbba564826c26f070494f7bc964fd286b6d9fff4420e55de828c",
                "sha256:a88c7994f914a4ea8572fac479459f4955eeccc877be3f2d959a33273b0cf40b"
            ],
            "markers": "python_full_version >= '3.9.0'",
            "version": "==3.3.8"
        },
        "bandit": {
            "hashes": [
                "sha256:28f04dc0d258e1dd0f99dee8eefa13d1cb5e3fde1a5ab0c523971f97b289bcd8",
                "sha256:f5847beb654d309422985c36644649924e0ea4425c76dec2e89110b87506193a"
            ],
            "index": "pypi",
            "markers": "python_version >= '3.9'",
            "version": "==1.8.3"
        },
        "dill": {
            "hashes": [
                "sha256:468dff3b89520b474c0397703366b7b95eebe6303f108adf9b19da1f702be87a",
                "sha256:81aa267dddf68cbfe8029c42ca9ec6a4ab3b22371d1c450abc54422577b4512c"
            ],
            "markers": "python_version >= '3.11'",
            "version": "==0.3.9"
        },
        "docstring-to-markdown": {
            "hashes": [
                "sha256:27afb3faedba81e34c33521c32bbd258d7fbb79eedf7d29bc4e81080e854aec0",
                "sha256:e146114d9c50c181b1d25505054a8d0f7a476837f0da2c19f07e06eaed52b73d"
            ],
            "markers": "python_version >= '3.6'",
            "version": "==0.15"
        },
        "iniconfig": {
            "hashes": [
                "sha256:2d91e135bf72d31a410b17c16da610a82cb55f6b0477d1a902134b24a455b8b3",
                "sha256:b6a85871a79d2e3b22d2d1b94ac2824226a63c6b741c88f7ae975f18b6778374"
            ],
            "markers": "python_version >= '3.7'",
            "version": "==2.0.0"
        },
        "isort": {
            "hashes": [
                "sha256:567954102bb47bb12e0fae62606570faacddd441e45683968c8d1734fb1af892",
                "sha256:75d9d8a1438a9432a7d7b54f2d3b45cad9a4a0fdba43617d9873379704a8bdf1"
            ],
            "markers": "python_full_version >= '3.9.0'",
            "version": "==6.0.0"
        },
        "jedi": {
            "hashes": [
                "sha256:4770dc3de41bde3966b02eb84fbcf557fb33cce26ad23da12c742fb50ecb11f0",
                "sha256:a8ef22bde8490f57fe5c7681a3c83cb58874daf72b4784de3cce5b6ef6edb5b9"
            ],
            "markers": "python_version >= '3.6'",
            "version": "==0.19.2"
        },
        "markdown-it-py": {
            "hashes": [
                "sha256:355216845c60bd96232cd8d8c40e8f9765cc86f46880e43a8fd22dc1a1a8cab1",
                "sha256:e3f60a94fa066dc52ec76661e37c851cb232d92f9886b15cb560aaada2df8feb"
            ],
            "markers": "python_version >= '3.8'",
            "version": "==3.0.0"
        },
        "mccabe": {
            "hashes": [
                "sha256:348e0240c33b60bbdf4e523192ef919f28cb2c3d7d5c7794f74009290f236325",
                "sha256:6c2d30ab6be0e4a46919781807b4f0d834ebdd6c6e3dca0bda5a15f863427b6e"
            ],
            "markers": "python_version >= '3.6'",
            "version": "==0.7.0"
        },
        "mdurl": {
            "hashes": [
                "sha256:84008a41e51615a49fc9966191ff91509e3c40b939176e643fd50a5c2196b8f8",
                "sha256:bb413d29f5eea38f31dd4754dd7377d4465116fb207585f97bf925588687c1ba"
            ],
            "markers": "python_version >= '3.7'",
            "version": "==0.1.2"
        },
        "mypy": {
            "hashes": [
                "sha256:404534629d51d3efea5c800ee7c42b72a6554d6c400e6a79eafe15d11341fd43",
                "sha256:5469affef548bd1895d86d3bf10ce2b44e33d86923c29e4d675b3e323437ea3e",
                "sha256:8023ff13985661b50a5928fc7a5ca15f3d1affb41e5f0a9952cb68ef090b31ee"
            ],
            "index": "pypi",
            "markers": "python_version >= '3.9'",
            "version": "==1.15.0"
        },
        "mypy-extensions": {
            "hashes": [
                "sha256:4392f6c0eb8a5668a69e23d168ffa70f0be9ccfd32b5cc2d26a34ae5b844552d",
                "sha256:75dbf8955dc00442a438fc4d0666508a9a97b6bd41aa2f0ffe9d2f2725af0782"
            ],
            "markers": "python_version >= '3.5'",
            "version": "==1.0.0"
        },
        "packaging": {
            "hashes": [
                "sha256:09abb1bccd265c01f4a3aa3f7a7db064b36514d2cba19a2f694fe6150451a759",
                "sha256:c228a6dc5e932d346bc5739379109d49e8853dd8223571c7c5b55260edc0b97f"
            ],
            "markers": "python_version >= '3.8'",
            "version": "==24.2"
        },
        "parso": {
            "hashes": [
                "sha256:a418670a20291dacd2dddc80c377c5c3791378ee1e8d12bffc35420643d43f18",
                "sha256:eb3a7b58240fb99099a345571deecc0f9540ea5f4dd2fe14c2a99d6b281ab92d"
            ],
            "markers": "python_version >= '3.6'",
            "version": "==0.8.4"
        },
        "pbr": {
            "hashes": [
                "sha256:38d4daea5d9fa63b3f626131b9d34947fd0c8be9b05a29276870580050a25a76",
                "sha256:93ea72ce6989eb2eed99d0f75721474f69ad88128afdef5ac377eb797c4bf76b"
            ],
            "markers": "python_version >= '2.6'",
            "version": "==6.1.1"
        },
        "platformdirs": {
            "hashes": [
                "sha256:357fb2acbc885b0419afd3ce3ed34564c13c9b95c89360cd9563f73aa5e2b907",
                "sha256:73e575e1408ab8103900836b97580d5307456908a03e92031bab39e4554cc3fb"
            ],
            "markers": "python_version >= '3.8'",
            "version": "==4.3.6"
        },
        "pluggy": {
            "hashes": [
                "sha256:2cffa88e94fdc978c4c574f15f9e59b7f4201d439195c3715ca9e2486f1d0cf1",
                "sha256:44e1ad92c8ca002de6377e165f3e0f1be63266ab4d554740532335b9d75ea669"
            ],
            "markers": "python_version >= '3.8'",
            "version": "==1.5.0"
        },
        "pygments": {
            "hashes": [
                "sha256:61c16d2a8576dc0649d9f39e089b5f02bcd27fba10d8fb4dcc28173f7a45151f",
                "sha256:9ea1544ad55cecf4b8242fab6dd35a93bbce657034b0611ee383099054ab6d8c"
            ],
            "markers": "python_version >= '3.8'",
            "version": "==2.19.1"
        },
        "pylint": {
            "hashes": [
                "sha256:289e6a1eb27b453b08436478391a48cd53bb0efb824873f949e709350f3de018",
                "sha256:74ae7a38b177e69a9b525d0794bd8183820bfa7eb68cc1bee6e8ed22a42be4ce"
            ],
            "index": "pypi",
            "markers": "python_full_version >= '3.9.0'",
            "version": "==3.3.4"
        },
        "pylsp-mypy": {
            "hashes": [
                "sha256:756377d05d251d2e31d1963397654149b9c1ea5b0ba1aedd74adef76decd32e9",
                "sha256:e94f531d4ce523222c2af7471abe396cfeb4cc3c4b181d54462fb6d553e1e0b3"
            ],
            "index": "pypi",
            "markers": "python_version >= '3.9'",
            "version": "==0.7.0"
        },
        "pytest": {
            "hashes": [
                "sha256:50e16d954148559c9a74109af1eaf0c945ba2d8f30f0a3d3335edde19788b6f6",
                "sha256:965370d062bce11e73868e0335abac31b4d3de0e82f4007408d242b4f8610761"
            ],
            "index": "pypi",
            "markers": "python_version >= '3.8'",
            "version": "==8.3.4"
        },
        "python-lsp-jsonrpc": {
            "hashes": [
                "sha256:4688e453eef55cd952bff762c705cedefa12055c0aec17a06f595bcc002cc912",
                "sha256:7339c2e9630ae98903fdaea1ace8c47fba0484983794d6aafd0bd8989be2b03c"
            ],
            "markers": "python_version >= '3.8'",
            "version": "==1.1.2"
        },
        "python-lsp-server": {
            "hashes": [
                "sha256:750116459449184ba20811167cdf96f91296ae12f1f65ebd975c5c159388111b",
                "sha256:fea039a36b3132774d0f803671184cf7dde0c688e7b924f23a6359a66094126d"
            ],
            "index": "pypi",
            "markers": "python_version >= '3.8'",
            "version": "==1.12.2"
        },
        "pyyaml": {
            "hashes": [
                "sha256:01179a4a8559ab5de078078f37e5c1a30d76bb88519906844fd7bdea1b7729ff",
                "sha256:0833f8694549e586547b576dcfaba4a6b55b9e96098b36cdc7ebefe667dfed48",
                "sha256:0a9a2848a5b7feac301353437eb7d5957887edbf81d56e903999a75a3d743086",
                "sha256:0b69e4ce7a131fe56b7e4d770c67429700908fc0752af059838b1cfb41960e4e",
                "sha256:0ffe8360bab4910ef1b9e87fb812d8bc0a308b0d0eef8c8f44e0254ab3b07133",
                "sha256:11d8f3dd2b9c1207dcaf2ee0bbbfd5991f571186ec9cc78427ba5bd32afae4b5",
                "sha256:17e311b6c678207928d649faa7cb0d7b4c26a0ba73d41e99c4fff6b6c3276484",
                "sha256:1e2120ef853f59c7419231f3bf4e7021f1b936f6ebd222406c3b60212205d2ee",
                "sha256:1f71ea527786de97d1a0cc0eacd1defc0985dcf6b3f17bb77dcfc8c34bec4dc5",
                "sha256:23502f431948090f597378482b4812b0caae32c22213aecf3b55325e049a6c68",
                "sha256:24471b829b3bf607e04e88d79542a9d48bb037c2267d7927a874e6c205ca7e9a",
                "sha256:29717114e51c84ddfba879543fb232a6ed60086602313ca38cce623c1d62cfbf",
                "sha256:2e99c6826ffa974fe6e27cdb5ed0021786b03fc98e5ee3c5bfe1fd5015f42b99",
                "sha256:39693e1f8320ae4f43943590b49779ffb98acb81f788220ea932a6b6c51004d8",
                "sha256:3ad2a3decf9aaba3d29c8f537ac4b243e36bef957511b4766cb0057d32b0be85",
                "sha256:3b1fdb9dc17f5a7677423d508ab4f243a726dea51fa5e70992e59a7411c89d19",
                "sha256:41e4e3953a79407c794916fa277a82531dd93aad34e29c2a514c2c0c5fe971cc",
                "sha256:43fa96a3ca0d6b1812e01ced1044a003533c47f6ee8aca31724f78e93ccc089a",
                "sha256:50187695423ffe49e2deacb8cd10510bc361faac997de9efef88badc3bb9e2d1",
                "sha256:5ac9328ec4831237bec75defaf839f7d4564be1e6b25ac710bd1a96321cc8317",
                "sha256:5d225db5a45f21e78dd9358e58a98702a0302f2659a3c6cd320564b75b86f47c",
                "sha256:6395c297d42274772abc367baaa79683958044e5d3835486c16da75d2a694631",
                "sha256:688ba32a1cffef67fd2e9398a2efebaea461578b0923624778664cc1c914db5d",
                "sha256:68ccc6023a3400877818152ad9a1033e3db8625d899c72eacb5a668902e4d652",
                "sha256:70b189594dbe54f75ab3a1acec5f1e3faa7e8cf2f1e08d9b561cb41b845f69d5",
                "sha256:797b4f722ffa07cc8d62053e4cff1486fa6dc094105d13fea7b1de7d8bf71c9e",
                "sha256:7c36280e6fb8385e520936c3cb3b8042851904eba0e58d277dca80a5cfed590b",
                "sha256:7e7401d0de89a9a855c839bc697c079a4af81cf878373abd7dc625847d25cbd8",
                "sha256:80bab7bfc629882493af4aa31a4cfa43a4c57c83813253626916b8c7ada83476",
                "sha256:82d09873e40955485746739bcb8b4586983670466c23382c19cffecbf1fd8706",
                "sha256:8388ee1976c416731879ac16da0aff3f63b286ffdd57cdeb95f3f2e085687563",
                "sha256:8824b5a04a04a047e72eea5cec3bc266db09e35de6bdfe34c9436ac5ee27d237",
                "sha256:8b9c7197f7cb2738065c481a0461e50ad02f18c78cd75775628afb4d7137fb3b",
                "sha256:9056c1ecd25795207ad294bcf39f2db3d845767be0ea6e6a34d856f006006083",
                "sha256:936d68689298c36b53b29f23c6dbb74de12b4ac12ca6cfe0e047bedceea56180",
                "sha256:9b22676e8097e9e22e36d6b7bda33190d0d400f345f23d4065d48f4ca7ae0425",
                "sha256:a4d3091415f010369ae4ed1fc6b79def9416358877534caf6a0fdd2146c87a3e",
                "sha256:a8786accb172bd8afb8be14490a16625cbc387036876ab6ba70912730faf8e1f",
                "sha256:a9f8c2e67970f13b16084e04f134610fd1d374bf477b17ec1599185cf611d725",
                "sha256:bc2fa7c6b47d6bc618dd7fb02ef6fdedb1090ec036abab80d4681424b84c1183",
                "sha256:c70c95198c015b85feafc136515252a261a84561b7b1d51e3384e0655ddf25ab",
                "sha256:cc1c1159b3d456576af7a3e4d1ba7e6924cb39de8f67111c735f6fc832082774",
                "sha256:ce826d6ef20b1bc864f0a68340c8b3287705cae2f8b4b1d932177dcc76721725",
                "sha256:d584d9ec91ad65861cc08d42e834324ef890a082e591037abe114850ff7bbc3e",
                "sha256:d7fded462629cfa4b685c5416b949ebad6cec74af5e2d42905d41e257e0869f5",
                "sha256:d84a1718ee396f54f3a086ea0a66d8e552b2ab2017ef8b420e92edbc841c352d",
                "sha256:d8e03406cac8513435335dbab54c0d385e4a49e4945d2909a581c83647ca0290",
                "sha256:e10ce637b18caea04431ce14fabcf5c64a1c61ec9c56b071a4b7ca131ca52d44",
                "sha256:ec031d5d2feb36d1d1a24380e4db6d43695f3748343d99434e6f5f9156aaa2ed",
                "sha256:ef6107725bd54b262d6dedcc2af448a266975032bc85ef0172c5f059da6325b4",
                "sha256:efdca5630322a10774e8e98e1af481aad470dd62c3170801852d752aa7a783ba",
                "sha256:f753120cb8181e736c57ef7636e83f31b9c0d1722c516f7e86cf15b7aa57ff12",
                "sha256:ff3824dc5261f50c9b0dfb3be22b4567a6f938ccce4587b38952d85fd9e9afe4"
            ],
            "markers": "python_version >= '3.8'",
            "version": "==6.0.2"
        },
        "rich": {
            "hashes": [
                "sha256:439594978a49a09530cff7ebc4b5c7103ef57baf48d5ea3184f21d9a2befa098",
                "sha256:6049d5e6ec054bf2779ab3358186963bac2ea89175919d699e378b99738c2a90"
            ],
            "markers": "python_full_version >= '3.8.0'",
            "version": "==13.9.4"
        },
        "ruff": {
            "hashes": [
                "sha256:44e52129d82266fa59b587e2cd74def5637b730a69c4542525dfdecfaae38bd5",
                "sha256:6b1462fa56c832dc0cea5b4041cfc9c97813505d11cce74ebc6d1aae068de36b"
            ],
            "index": "pypi",
            "markers": "python_version >= '3.7'",
            "version": "==0.6.7"
        },
        "setuptools": {
            "hashes": [
                "sha256:c5afc8f407c626b8313a86e10311dd3f661c6cd9c09d4bf8c15c0e11f9f2b0e6",
                "sha256:e3982f444617239225d675215d51f6ba05f845d4eec313da4418fdbb56fb27e3"
            ],
            "markers": "python_version >= '3.9'",
            "version": "==75.8.0"
        },
        "stevedore": {
            "hashes": [
                "sha256:3135b5ae50fe12816ef291baff420acb727fcd356106e3e9cbfa9e5985cd6f4b",
                "sha256:d10a31c7b86cba16c1f6e8d15416955fc797052351a56af15e608ad20811fcfe"
            ],
            "markers": "python_version >= '3.9'",
            "version": "==5.4.1"
        },
        "tomlkit": {
            "hashes": [
                "sha256:7a974427f6e119197f670fbbbeae7bef749a6c14e793db934baefc1b5f03efde",
                "sha256:fff5fe59a87295b278abd31bec92c15d9bc4a06885ab12bcea52c71119392e79"
            ],
            "markers": "python_version >= '3.8'",
            "version": "==0.13.2"
        },
        "typing-extensions": {
            "hashes": [
                "sha256:04e5ca0351e0f3f85c6853954072df659d0d13fac324d0072316b67d7794700d",
                "sha256:1a7ead55c7e559dd4dee8856e3a88b41225abfe1ce8df57b7c13915fe121ffb8"
            ],
            "markers": "python_version >= '3.8'",
            "version": "==4.12.2"
        },
        "ujson": {
            "hashes": [
                "sha256:0de4971a89a762398006e844ae394bd46991f7c385d7a6a3b93ba229e6dac17e",
                "sha256:129e39af3a6d85b9c26d5577169c21d53821d8cf68e079060602e861c6e5da1b",
                "sha256:22cffecf73391e8abd65ef5f4e4dd523162a3399d5e84faa6aebbf9583df86d6",
                "sha256:232cc85f8ee3c454c115455195a205074a56ff42608fd6b942aa4c378ac14dd7",
                "sha256:2544912a71da4ff8c4f7ab5606f947d7299971bdd25a45e008e467ca638d13c9",
                "sha256:2601aa9ecdbee1118a1c2065323bda35e2c5a2cf0797ef4522d485f9d3ef65bd",
                "sha256:26b0e2d2366543c1bb4fbd457446f00b0187a2bddf93148ac2da07a53fe51569",
                "sha256:2987713a490ceb27edff77fb184ed09acdc565db700ee852823c3dc3cffe455f",
                "sha256:29b443c4c0a113bcbb792c88bea67b675c7ca3ca80c3474784e08bba01c18d51",
                "sha256:2a890b706b64e0065f02577bf6d8ca3b66c11a5e81fb75d757233a38c07a1f20",
                "sha256:2aff2985cef314f21d0fecc56027505804bc78802c0121343874741650a4d3d1",
                "sha256:348898dd702fc1c4f1051bc3aacbf894caa0927fe2c53e68679c073375f732cf",
                "sha256:38665e7d8290188b1e0d57d584eb8110951a9591363316dd41cf8686ab1d0abc",
                "sha256:38d5d36b4aedfe81dfe251f76c0467399d575d1395a1755de391e58985ab1c2e",
                "sha256:3ff201d62b1b177a46f113bb43ad300b424b7847f9c5d38b1b4ad8f75d4a282a",
                "sha256:4573fd1695932d4f619928fd09d5d03d917274381649ade4328091ceca175539",
                "sha256:4734ee0745d5928d0ba3a213647f1c4a74a2a28edc6d27b2d6d5bd9fa4319e27",
                "sha256:4c4fc16f11ac1612f05b6f5781b384716719547e142cfd67b65d035bd85af165",
                "sha256:502bf475781e8167f0f9d0e41cd32879d120a524b22358e7f205294224c71126",
                "sha256:57aaf98b92d72fc70886b5a0e1a1ca52c2320377360341715dd3933a18e827b1",
                "sha256:59e02cd37bc7c44d587a0ba45347cc815fb7a5fe48de16bf05caa5f7d0d2e816",
                "sha256:5b6fee72fa77dc172a28f21693f64d93166534c263adb3f96c413ccc85ef6e64",
                "sha256:5b91b5d0d9d283e085e821651184a647699430705b15bf274c7896f23fe9c9d8",
                "sha256:604a046d966457b6cdcacc5aa2ec5314f0e8c42bae52842c1e6fa02ea4bda42e",
                "sha256:618efd84dc1acbd6bff8eaa736bb6c074bfa8b8a98f55b61c38d4ca2c1f7f287",
                "sha256:61d0af13a9af01d9f26d2331ce49bb5ac1fb9c814964018ac8df605b5422dcb3",
                "sha256:61e1591ed9376e5eddda202ec229eddc56c612b61ac6ad07f96b91460bb6c2fb",
                "sha256:621e34b4632c740ecb491efc7f1fcb4f74b48ddb55e65221995e74e2d00bbff0",
                "sha256:6627029ae4f52d0e1a2451768c2c37c0c814ffc04f796eb36244cf16b8e57043",
                "sha256:67079b1f9fb29ed9a2914acf4ef6c02844b3153913eb735d4bf287ee1db6e557",
                "sha256:6dea1c8b4fc921bf78a8ff00bbd2bfe166345f5536c510671bccececb187c80e",
                "sha256:6e32abdce572e3a8c3d02c886c704a38a1b015a1fb858004e03d20ca7cecbb21",
                "sha256:7223f41e5bf1f919cd8d073e35b229295aa8e0f7b5de07ed1c8fddac63a6bc5d",
                "sha256:73814cd1b9db6fc3270e9d8fe3b19f9f89e78ee9d71e8bd6c9a626aeaeaf16bd",
                "sha256:7490655a2272a2d0b072ef16b0b58ee462f4973a8f6bbe64917ce5e0a256f9c0",
                "sha256:7663960f08cd5a2bb152f5ee3992e1af7690a64c0e26d31ba7b3ff5b2ee66337",
                "sha256:78778a3aa7aafb11e7ddca4e29f46bc5139131037ad628cc10936764282d6753",
                "sha256:7c10f4654e5326ec14a46bcdeb2b685d4ada6911050aa8baaf3501e57024b804",
                "sha256:7ec0ca8c415e81aa4123501fee7f761abf4b7f386aad348501a26940beb1860f",
                "sha256:924f7318c31874d6bb44d9ee1900167ca32aa9b69389b98ecbde34c1698a250f",
                "sha256:94a87f6e151c5f483d7d54ceef83b45d3a9cca7a9cb453dbdbb3f5a6f64033f5",
                "sha256:98ba15d8cbc481ce55695beee9f063189dce91a4b08bc1d03e7f0152cd4bbdd5",
                "sha256:a245d59f2ffe750446292b0094244df163c3dc96b3ce152a2c837a44e7cda9d1",
                "sha256:a5b366812c90e69d0f379a53648be10a5db38f9d4ad212b60af00bd4048d0f00",
                "sha256:a65b6af4d903103ee7b6f4f5b85f1bfd0c90ba4eeac6421aae436c9988aa64a2",
                "sha256:a984a3131da7f07563057db1c3020b1350a3e27a8ec46ccbfbf21e5928a43050",
                "sha256:a9d2edbf1556e4f56e50fab7d8ff993dbad7f54bac68eacdd27a8f55f433578e",
                "sha256:ab13a2a9e0b2865a6c6db9271f4b46af1c7476bfd51af1f64585e919b7c07fd4",
                "sha256:ac56eb983edce27e7f51d05bc8dd820586c6e6be1c5216a6809b0c668bb312b8",
                "sha256:ad88ac75c432674d05b61184178635d44901eb749786c8eb08c102330e6e8996",
                "sha256:b0111b27f2d5c820e7f2dbad7d48e3338c824e7ac4d2a12da3dc6061cc39c8e6",
                "sha256:b3cd8f3c5d8c7738257f1018880444f7b7d9b66232c64649f562d7ba86ad4bc1",
                "sha256:b9500e61fce0cfc86168b248104e954fead61f9be213087153d272e817ec7b4f",
                "sha256:ba17799fcddaddf5c1f75a4ba3fd6441f6a4f1e9173f8a786b42450851bd74f1",
                "sha256:ba43cc34cce49cf2d4bc76401a754a81202d8aa926d0e2b79f0ee258cb15d3a4",
                "sha256:baed37ea46d756aca2955e99525cc02d9181de67f25515c468856c38d52b5f3b",
                "sha256:beeaf1c48e32f07d8820c705ff8e645f8afa690cca1544adba4ebfa067efdc88",
                "sha256:c18610b9ccd2874950faf474692deee4223a994251bc0a083c114671b64e6518",
                "sha256:c66962ca7565605b355a9ed478292da628b8f18c0f2793021ca4425abf8b01e5",
                "sha256:caf270c6dba1be7a41125cd1e4fc7ba384bf564650beef0df2dd21a00b7f5770",
                "sha256:cc6139531f13148055d691e442e4bc6601f6dba1e6d521b1585d4788ab0bfad4",
                "sha256:d2c75269f8205b2690db4572a4a36fe47cd1338e4368bc73a7a0e48789e2e35a",
                "sha256:d47ebb01bd865fdea43da56254a3930a413f0c5590372a1241514abae8aa7c76",
                "sha256:d4dc2fd6b3067c0782e7002ac3b38cf48608ee6366ff176bbd02cf969c9c20fe",
                "sha256:d7d0e0ceeb8fe2468c70ec0c37b439dd554e2aa539a8a56365fd761edb418988",
                "sha256:d8640fb4072d36b08e95a3a380ba65779d356b2fee8696afeb7794cf0902d0a1",
                "sha256:dee5e97c2496874acbf1d3e37b521dd1f307349ed955e62d1d2f05382bc36dd5",
                "sha256:dfef2814c6b3291c3c5f10065f745a1307d86019dbd7ea50e83504950136ed5b",
                "sha256:e1402f0564a97d2a52310ae10a64d25bcef94f8dd643fcf5d310219d915484f7",
                "sha256:e7ce306a42b6b93ca47ac4a3b96683ca554f6d35dd8adc5acfcd55096c8dfcb8",
                "sha256:e82d4bb2138ab05e18f089a83b6564fee28048771eb63cdecf4b9b549de8a2cc",
                "sha256:ecb24f0bdd899d368b715c9e6664166cf694d1e57be73f17759573a6986dd95a",
                "sha256:f00ea7e00447918ee0eff2422c4add4c5752b1b60e88fcb3c067d4a21049a720",
                "sha256:f3caf9cd64abfeb11a3b661329085c5e167abbe15256b3b68cb5d914ba7396f3",
                "sha256:f44bd4b23a0e723bf8b10628288c2c7c335161d6840013d4d5de20e48551773b",
                "sha256:f77b74475c462cb8b88680471193064d3e715c7c6074b1c8c412cb526466efe9",
                "sha256:f8ccb77b3e40b151e20519c6ae6d89bfe3f4c14e8e210d910287f778368bb3d1",
                "sha256:fbd8fd427f57a03cff3ad6574b5e299131585d9727c8c366da4624a9069ed746"
            ],
            "markers": "python_version >= '3.8'",
            "version": "==5.10.0"
        }
    }
}
