
Microsoft Visual Studio Solution File, Format Version 12.00
# Visual Studio Version 16
VisualStudioVersion = 16.0.29613.14
MinimumVisualStudioVersion = 10.0.40219.1
Project("{930C7802-8A8C-48F9-8165-68863BCCD9DD}") = "install", "install\install.wixproj", "{6807DB1F-C48E-432B-8B4B-FC671BD0C9EA}"
EndProject
Project("{8BC9CEB8-8B4A-11D0-8D11-00A0C91BC942}") = "check_mk_service", "src\check_mk_service.vcxproj", "{FF2EBEE8-1220-462C-9F01-1E1163F949A3}"
EndProject
Project("{8BC9CEB8-8B4A-11D0-8D11-00A0C91BC942}") = "engine", "src\engine\engine.vcxproj", "{343045B4-F20A-4E48-AB2F-83E1C22C9710}"
EndProject
Project("{8BC9CEB8-8B4A-11D0-8D11-00A0C91BC942}") = "watest", "watest\watest.vcxproj", "{F7819F8A-DDCF-4CDD-B05E-B6BCE8C64863}"
EndProject
Global
	GlobalSection(SolutionConfigurationPlatforms) = preSolution
		Debug|x64 = Debug|x64
		Debug|x86 = Debug|x86
		Release|x64 = Release|x64
		Release|x86 = Release|x86
	EndGlobalSection
	GlobalSection(ProjectConfigurationPlatforms) = postSolution
		{6807DB1F-C48E-432B-8B4B-FC671BD0C9EA}.Debug|x64.ActiveCfg = Debug|x86
		{6807DB1F-C48E-432B-8B4B-FC671BD0C9EA}.Debug|x64.Build.0 = Debug|x86
		{6807DB1F-C48E-432B-8B4B-FC671BD0C9EA}.Debug|x86.ActiveCfg = Debug|x86
		{6807DB1F-C48E-432B-8B4B-FC671BD0C9EA}.Debug|x86.Build.0 = Debug|x86
		{6807DB1F-C48E-432B-8B4B-FC671BD0C9EA}.Release|x64.ActiveCfg = Release|x86
		{6807DB1F-C48E-432B-8B4B-FC671BD0C9EA}.Release|x64.Build.0 = Release|x86
		{6807DB1F-C48E-432B-8B4B-FC671BD0C9EA}.Release|x86.ActiveCfg = Release|x86
		{6807DB1F-C48E-432B-8B4B-FC671BD0C9EA}.Release|x86.Build.0 = Release|x86
		{FF2EBEE8-1220-462C-9F01-1E1163F949A3}.Debug|x64.ActiveCfg = Debug|x64
		{FF2EBEE8-1220-462C-9F01-1E1163F949A3}.Debug|x64.Build.0 = Debug|x64
		{FF2EBEE8-1220-462C-9F01-1E1163F949A3}.Debug|x86.ActiveCfg = Debug|Win32
		{FF2EBEE8-1220-462C-9F01-1E1163F949A3}.Debug|x86.Build.0 = Debug|Win32
		{FF2EBEE8-1220-462C-9F01-1E1163F949A3}.Release|x64.ActiveCfg = Release|x64
		{FF2EBEE8-1220-462C-9F01-1E1163F949A3}.Release|x64.Build.0 = Release|x64
		{FF2EBEE8-1220-462C-9F01-1E1163F949A3}.Release|x86.ActiveCfg = Release|Win32
		{FF2EBEE8-1220-462C-9F01-1E1163F949A3}.Release|x86.Build.0 = Release|Win32
		{343045B4-F20A-4E48-AB2F-83E1C22C9710}.Debug|x64.ActiveCfg = Debug|x64
		{343045B4-F20A-4E48-AB2F-83E1C22C9710}.Debug|x64.Build.0 = Debug|x64
		{343045B4-F20A-4E48-AB2F-83E1C22C9710}.Debug|x86.ActiveCfg = Debug|Win32
		{343045B4-F20A-4E48-AB2F-83E1C22C9710}.Debug|x86.Build.0 = Debug|Win32
		{343045B4-F20A-4E48-AB2F-83E1C22C9710}.Release|x64.ActiveCfg = Release|x64
		{343045B4-F20A-4E48-AB2F-83E1C22C9710}.Release|x64.Build.0 = Release|x64
		{343045B4-F20A-4E48-AB2F-83E1C22C9710}.Release|x86.ActiveCfg = Release|Win32
		{343045B4-F20A-4E48-AB2F-83E1C22C9710}.Release|x86.Build.0 = Release|Win32
		{F7819F8A-DDCF-4CDD-B05E-B6BCE8C64863}.Debug|x64.ActiveCfg = Debug|x64
		{F7819F8A-DDCF-4CDD-B05E-B6BCE8C64863}.Debug|x64.Build.0 = Debug|x64
		{F7819F8A-DDCF-4CDD-B05E-B6BCE8C64863}.Debug|x86.ActiveCfg = Debug|Win32
		{F7819F8A-DDCF-4CDD-B05E-B6BCE8C64863}.Debug|x86.Build.0 = Debug|Win32
		{F7819F8A-DDCF-4CDD-B05E-B6BCE8C64863}.Release|x64.ActiveCfg = Release|x64
		{F7819F8A-DDCF-4CDD-B05E-B6BCE8C64863}.Release|x64.Build.0 = Release|x64
		{F7819F8A-DDCF-4CDD-B05E-B6BCE8C64863}.Release|x86.ActiveCfg = Release|Win32
		{F7819F8A-DDCF-4CDD-B05E-B6BCE8C64863}.Release|x86.Build.0 = Release|Win32
	EndGlobalSection
	GlobalSection(SolutionProperties) = preSolution
		HideSolutionNode = FALSE
	EndGlobalSection
	GlobalSection(ExtensibilityGlobals) = postSolution
		SolutionGuid = {3BC71629-6114-4E18-BE97-83581FAFD64B}
	EndGlobalSection
EndGlobal
