
Microsoft Visual Studio Solution File, Format Version 12.00
# Visual Studio 15
VisualStudioVersion = 15.0.28010.2048
MinimumVisualStudioVersion = 10.0.40219.1
Project("{930C7802-8A8C-48F9-8165-68863BCCD9DD}") = "install", "install\install.wixproj", "{6807DB1F-C48E-432B-8B4B-FC671BD0C9EA}"
	ProjectSection(ProjectDependencies) = postProject
		{F7819F8A-DDCF-4CDD-B05E-B6BCE8C64863} = {F7819F8A-DDCF-4CDD-B05E-B6BCE8C64863}
		{FF2EBEE8-1220-462C-9F01-1E1163F949A3} = {FF2EBEE8-1220-462C-9F01-1E1163F949A3}
	EndProjectSection
EndProject
Project("{8BC9CEB8-8B4A-11D0-8D11-00A0C91BC942}") = "check_mk_service", "src\check_mk_service.vcxproj", "{FF2EBEE8-1220-462C-9F01-1E1163F949A3}"
	ProjectSection(ProjectDependencies) = postProject
		{F7819F8A-DDCF-4CDD-B05E-B6BCE8C64863} = {F7819F8A-DDCF-4CDD-B05E-B6BCE8C64863}
		{343045B4-F20A-4E48-AB2F-83E1C22C9710} = {343045B4-F20A-4E48-AB2F-83E1C22C9710}
	EndProjectSection
EndProject
Project("{8BC9CEB8-8B4A-11D0-8D11-00A0C91BC942}") = "engine", "src\engine\engine.vcxproj", "{343045B4-F20A-4E48-AB2F-83E1C22C9710}"
EndProject
Project("{8BC9CEB8-8B4A-11D0-8D11-00A0C91BC942}") = "watest", "watest\watest.vcxproj", "{F7819F8A-DDCF-4CDD-B05E-B6BCE8C64863}"
	ProjectSection(ProjectDependencies) = postProject
		{343045B4-F20A-4E48-AB2F-83E1C22C9710} = {343045B4-F20A-4E48-AB2F-83E1C22C9710}
	EndProjectSection
EndProject
Project("{8BC9CEB8-8B4A-11D0-8D11-00A0C91BC942}") = "perf_counter", "src\providers\perf_counter\provider_perf_counter.vcxproj", "{9B9463CC-3079-4267-90E3-232CBB2DB6A9}"
	ProjectSection(ProjectDependencies) = postProject
		{343045B4-F20A-4E48-AB2F-83E1C22C9710} = {343045B4-F20A-4E48-AB2F-83E1C22C9710}
	EndProjectSection
EndProject
Project("{2150E333-8FDC-42A3-9474-1A3956D46DE8}") = "providers", "providers", "{1694E37E-513D-498A-BF83-26F5E332C2B9}"
EndProject
Project("{8BC9CEB8-8B4A-11D0-8D11-00A0C91BC942}") = "plugin_player", "src\player\plugin_player.vcxproj", "{BC6E8A4C-E851-483C-AB7F-539472154EE7}"
	ProjectSection(ProjectDependencies) = postProject
		{343045B4-F20A-4E48-AB2F-83E1C22C9710} = {343045B4-F20A-4E48-AB2F-83E1C22C9710}
	EndProjectSection
EndProject
Global
	GlobalSection(SolutionConfigurationPlatforms) = preSolution
		Debug|x64 = Debug|x64
		Debug|x86 = Debug|x86
		Release|x64 = Release|x64
		Release|x86 = Release|x86
	EndGlobalSection
	GlobalSection(ProjectConfigurationPlatforms) = postSolution
		{6807DB1F-C48E-432B-8B4B-FC671BD0C9EA}.Debug|x64.ActiveCfg = Debug|x86
		{6807DB1F-C48E-432B-8B4B-FC671BD0C9EA}.Debug|x64.Build.0 = Debug|x86
		{6807DB1F-C48E-432B-8B4B-FC671BD0C9EA}.Debug|x86.ActiveCfg = Debug|x86
		{6807DB1F-C48E-432B-8B4B-FC671BD0C9EA}.Debug|x86.Build.0 = Debug|x86
		{6807DB1F-C48E-432B-8B4B-FC671BD0C9EA}.Release|x64.ActiveCfg = Release|x86
		{6807DB1F-C48E-432B-8B4B-FC671BD0C9EA}.Release|x64.Build.0 = Release|x86
		{6807DB1F-C48E-432B-8B4B-FC671BD0C9EA}.Release|x86.ActiveCfg = Release|x86
		{6807DB1F-C48E-432B-8B4B-FC671BD0C9EA}.Release|x86.Build.0 = Release|x86
		{FF2EBEE8-1220-462C-9F01-1E1163F949A3}.Debug|x64.ActiveCfg = Debug|x64
		{FF2EBEE8-1220-462C-9F01-1E1163F949A3}.Debug|x64.Build.0 = Debug|x64
		{FF2EBEE8-1220-462C-9F01-1E1163F949A3}.Debug|x86.ActiveCfg = Debug|Win32
		{FF2EBEE8-1220-462C-9F01-1E1163F949A3}.Debug|x86.Build.0 = Debug|Win32
		{FF2EBEE8-1220-462C-9F01-1E1163F949A3}.Release|x64.ActiveCfg = Release|x64
		{FF2EBEE8-1220-462C-9F01-1E1163F949A3}.Release|x64.Build.0 = Release|x64
		{FF2EBEE8-1220-462C-9F01-1E1163F949A3}.Release|x86.ActiveCfg = Release|Win32
		{FF2EBEE8-1220-462C-9F01-1E1163F949A3}.Release|x86.Build.0 = Release|Win32
		{343045B4-F20A-4E48-AB2F-83E1C22C9710}.Debug|x64.ActiveCfg = Debug|x64
		{343045B4-F20A-4E48-AB2F-83E1C22C9710}.Debug|x64.Build.0 = Debug|x64
		{343045B4-F20A-4E48-AB2F-83E1C22C9710}.Debug|x86.ActiveCfg = Debug|Win32
		{343045B4-F20A-4E48-AB2F-83E1C22C9710}.Debug|x86.Build.0 = Debug|Win32
		{343045B4-F20A-4E48-AB2F-83E1C22C9710}.Release|x64.ActiveCfg = Release|x64
		{343045B4-F20A-4E48-AB2F-83E1C22C9710}.Release|x64.Build.0 = Release|x64
		{343045B4-F20A-4E48-AB2F-83E1C22C9710}.Release|x86.ActiveCfg = Release|Win32
		{343045B4-F20A-4E48-AB2F-83E1C22C9710}.Release|x86.Build.0 = Release|Win32
		{F7819F8A-DDCF-4CDD-B05E-B6BCE8C64863}.Debug|x64.ActiveCfg = Debug|x64
		{F7819F8A-DDCF-4CDD-B05E-B6BCE8C64863}.Debug|x64.Build.0 = Debug|x64
		{F7819F8A-DDCF-4CDD-B05E-B6BCE8C64863}.Debug|x86.ActiveCfg = Debug|Win32
		{F7819F8A-DDCF-4CDD-B05E-B6BCE8C64863}.Debug|x86.Build.0 = Debug|Win32
		{F7819F8A-DDCF-4CDD-B05E-B6BCE8C64863}.Release|x64.ActiveCfg = Release|x64
		{F7819F8A-DDCF-4CDD-B05E-B6BCE8C64863}.Release|x64.Build.0 = Release|x64
		{F7819F8A-DDCF-4CDD-B05E-B6BCE8C64863}.Release|x86.ActiveCfg = Release|Win32
		{F7819F8A-DDCF-4CDD-B05E-B6BCE8C64863}.Release|x86.Build.0 = Release|Win32
		{9B9463CC-3079-4267-90E3-232CBB2DB6A9}.Debug|x64.ActiveCfg = Debug|x64
		{9B9463CC-3079-4267-90E3-232CBB2DB6A9}.Debug|x64.Build.0 = Debug|x64
		{9B9463CC-3079-4267-90E3-232CBB2DB6A9}.Debug|x86.ActiveCfg = Debug|Win32
		{9B9463CC-3079-4267-90E3-232CBB2DB6A9}.Debug|x86.Build.0 = Debug|Win32
		{9B9463CC-3079-4267-90E3-232CBB2DB6A9}.Release|x64.ActiveCfg = Release|x64
		{9B9463CC-3079-4267-90E3-232CBB2DB6A9}.Release|x64.Build.0 = Release|x64
		{9B9463CC-3079-4267-90E3-232CBB2DB6A9}.Release|x86.ActiveCfg = Release|Win32
		{9B9463CC-3079-4267-90E3-232CBB2DB6A9}.Release|x86.Build.0 = Release|Win32
		{BC6E8A4C-E851-483C-AB7F-539472154EE7}.Debug|x64.ActiveCfg = Debug|x64
		{BC6E8A4C-E851-483C-AB7F-539472154EE7}.Debug|x64.Build.0 = Debug|x64
		{BC6E8A4C-E851-483C-AB7F-539472154EE7}.Debug|x86.ActiveCfg = Debug|Win32
		{BC6E8A4C-E851-483C-AB7F-539472154EE7}.Debug|x86.Build.0 = Debug|Win32
		{BC6E8A4C-E851-483C-AB7F-539472154EE7}.Release|x64.ActiveCfg = Release|x64
		{BC6E8A4C-E851-483C-AB7F-539472154EE7}.Release|x64.Build.0 = Release|x64
		{BC6E8A4C-E851-483C-AB7F-539472154EE7}.Release|x86.ActiveCfg = Release|Win32
		{BC6E8A4C-E851-483C-AB7F-539472154EE7}.Release|x86.Build.0 = Release|Win32
	EndGlobalSection
	GlobalSection(SolutionProperties) = preSolution
		HideSolutionNode = FALSE
	EndGlobalSection
	GlobalSection(NestedProjects) = preSolution
		{9B9463CC-3079-4267-90E3-232CBB2DB6A9} = {1694E37E-513D-498A-BF83-26F5E332C2B9}
	EndGlobalSection
	GlobalSection(ExtensibilityGlobals) = postSolution
		SolutionGuid = {3BC71629-6114-4E18-BE97-83581FAFD64B}
	EndGlobalSection
EndGlobal
